// !$*UTF8*$!
{
	archiveVersion = 1;
	classes = {
	};
	objectVersion = 77;
	objects = {

/* Begin PBXBuildFile section */
		045B44A82D2150AF00514A27 /* Model.swift in Sources */ = {isa = PBXBuildFile; fileRef = 045B44982D2150AF00514A27 /* Model.swift */; };
		045B44A92D2150AF00514A27 /* Service.swift in Sources */ = {isa = PBXBuildFile; fileRef = 045B449C2D2150AF00514A27 /* Service.swift */; };
		045B44AB2D2150AF00514A27 /* ViewModel.swift in Sources */ = {isa = PBXBuildFile; fileRef = 045B44A02D2150AF00514A27 /* ViewModel.swift */; };
		045B44AD2D2150AF00514A27 /* ContentView.swift in Sources */ = {isa = PBXBuildFile; fileRef = 045B44A52D2150AF00514A27 /* ContentView.swift */; };
		045B44AE2D2150AF00514A27 /* WhereApp.swift in Sources */ = {isa = PBXBuildFile; fileRef = 045B44A62D2150AF00514A27 /* WhereApp.swift */; };
		045B44B22D21517D00514A27 /* Splash.storyboard in Resources */ = {isa = PBXBuildFile; fileRef = 045B44B12D21517D00514A27 /* Splash.storyboard */; };
		045B44BA2D21650200514A27 /* Pretendard.swift in Sources */ = {isa = PBXBuildFile; fileRef = 045B44B92D2164FA00514A27 /* Pretendard.swift */; };
		045B44C62D2166D000514A27 /* WhereFont.swift in Sources */ = {isa = PBXBuildFile; fileRef = 045B44C52D2166D000514A27 /* WhereFont.swift */; };
		045B44C92D216A3E00514A27 /* Font+Pretendard.swift in Sources */ = {isa = PBXBuildFile; fileRef = 045B44C82D216A3E00514A27 /* Font+Pretendard.swift */; };
		045B44CB2D216AA700514A27 /* View+Pretendard.swift in Sources */ = {isa = PBXBuildFile; fileRef = 045B44CA2D216AA200514A27 /* View+Pretendard.swift */; };
		045B44EC2D224D1D00514A27 /* Color Extension.swift in Sources */ = {isa = PBXBuildFile; fileRef = 045B44EB2D224D1D00514A27 /* Color Extension.swift */; };
		045B44EE2D224D5C00514A27 /* OnboardingView.swift in Sources */ = {isa = PBXBuildFile; fileRef = 045B44ED2D224D5C00514A27 /* OnboardingView.swift */; };
		045B44F42D22889000514A27 /* LoginView.swift in Sources */ = {isa = PBXBuildFile; fileRef = 045B44F32D22889000514A27 /* LoginView.swift */; };
		045B44F62D228DC000514A27 /* RoundedProminentButtonStyle.swift in Sources */ = {isa = PBXBuildFile; fileRef = 045B44F52D228DC000514A27 /* RoundedProminentButtonStyle.swift */; };
		04832B292D22A6D7003FFE3B /* SignInView.swift in Sources */ = {isa = PBXBuildFile; fileRef = 04832B282D22A6D7003FFE3B /* SignInView.swift */; };
		04832B2B2D22AA82003FFE3B /* RoundedTextField.swift in Sources */ = {isa = PBXBuildFile; fileRef = 04832B2A2D22AA82003FFE3B /* RoundedTextField.swift */; };
		04832B2D2D22B52F003FFE3B /* Popup.swift in Sources */ = {isa = PBXBuildFile; fileRef = 04832B2C2D22B52F003FFE3B /* Popup.swift */; };
		04832B2F2D2398CD003FFE3B /* RegistrationTermView.swift in Sources */ = {isa = PBXBuildFile; fileRef = 04832B2E2D2398CD003FFE3B /* RegistrationTermView.swift */; };
		04832B312D23D63D003FFE3B /* AthentificationView.swift in Sources */ = {isa = PBXBuildFile; fileRef = 04832B302D23D63D003FFE3B /* AthentificationView.swift */; };
		04832B332D23EB93003FFE3B /* Floater.swift in Sources */ = {isa = PBXBuildFile; fileRef = 04832B322D23EB93003FFE3B /* Floater.swift */; };
		04832B352D23F765003FFE3B /* FloaterView.swift in Sources */ = {isa = PBXBuildFile; fileRef = 04832B342D23F765003FFE3B /* FloaterView.swift */; };
		04832B462D266819003FFE3B /* WhereTests.swift in Sources */ = {isa = PBXBuildFile; fileRef = 04832B442D266819003FFE3B /* WhereTests.swift */; };
		04832B482D266F55003FFE3B /* SearchBar.swift in Sources */ = {isa = PBXBuildFile; fileRef = 04832B472D266F55003FFE3B /* SearchBar.swift */; };
		04832B4C2D2675EF003FFE3B /* FriendsListView.swift in Sources */ = {isa = PBXBuildFile; fileRef = 04832B4B2D2675EF003FFE3B /* FriendsListView.swift */; };
		04832B522D26A55B003FFE3B /* WhereTabView.swift in Sources */ = {isa = PBXBuildFile; fileRef = 04832B512D26A55B003FFE3B /* WhereTabView.swift */; };
		049345142D229E10003D1129 /* BasedFormView.swift in Sources */ = {isa = PBXBuildFile; fileRef = 049345132D229E10003D1129 /* BasedFormView.swift */; };
		91A9EAAF2D26EE45005F09D2 /* Pretendard-Bold.otf in Resources */ = {isa = PBXBuildFile; fileRef = 91A9EAA72D26EE45005F09D2 /* Pretendard-Bold.otf */; };
		91A9EAB02D26EE45005F09D2 /* Pretendard-Regular.otf in Resources */ = {isa = PBXBuildFile; fileRef = 91A9EAA92D26EE45005F09D2 /* Pretendard-Regular.otf */; };
		91A9EAB12D26EE45005F09D2 /* Preview Assets.xcassets in Resources */ = {isa = PBXBuildFile; fileRef = 91A9EAAD2D26EE45005F09D2 /* Preview Assets.xcassets */; };
		91A9EAB22D26EE45005F09D2 /* Pretendard-Medium.otf in Resources */ = {isa = PBXBuildFile; fileRef = 91A9EAA82D26EE45005F09D2 /* Pretendard-Medium.otf */; };
		91A9EAB32D26EE45005F09D2 /* Assets.xcassets in Resources */ = {isa = PBXBuildFile; fileRef = 91A9EAAC2D26EE45005F09D2 /* Assets.xcassets */; };
		91A9EAB42D26EE45005F09D2 /* Pretendard-SemiBold.otf in Resources */ = {isa = PBXBuildFile; fileRef = 91A9EAAA2D26EE45005F09D2 /* Pretendard-SemiBold.otf */; };
		91B7A16F2D26DFC2003932B4 /* ProfileCreationView.swift in Sources */ = {isa = PBXBuildFile; fileRef = 91B7A16D2D26DFC2003932B4 /* ProfileCreationView.swift */; };
		91B7A1702D26DFC2003932B4 /* ProfilePopupView.swift in Sources */ = {isa = PBXBuildFile; fileRef = 91B7A16E2D26DFC2003932B4 /* ProfilePopupView.swift */; };
		91B7A1722D26DFDE003932B4 /* String.swift in Sources */ = {isa = PBXBuildFile; fileRef = 91B7A1712D26DFDE003932B4 /* String.swift */; };
/* End PBXBuildFile section */

/* Begin PBXContainerItemProxy section */
		04832B3F2D266813003FFE3B /* PBXContainerItemProxy */ = {
			isa = PBXContainerItemProxy;
			containerPortal = 045B446D2D2146B000514A27 /* Project object */;
			proxyType = 1;
			remoteGlobalIDString = 045B44742D2146B000514A27;
			remoteInfo = Where;
		};
/* End PBXContainerItemProxy section */

/* Begin PBXFileReference section */
		045B44752D2146B000514A27 /* Where.app */ = {isa = PBXFileReference; explicitFileType = wrapper.application; includeInIndex = 0; path = Where.app; sourceTree = BUILT_PRODUCTS_DIR; };
		045B44982D2150AF00514A27 /* Model.swift */ = {isa = PBXFileReference; lastKnownFileType = sourcecode.swift; path = Model.swift; sourceTree = "<group>"; };
		045B449C2D2150AF00514A27 /* Service.swift */ = {isa = PBXFileReference; lastKnownFileType = sourcecode.swift; path = Service.swift; sourceTree = "<group>"; };
		045B44A02D2150AF00514A27 /* ViewModel.swift */ = {isa = PBXFileReference; lastKnownFileType = sourcecode.swift; path = ViewModel.swift; sourceTree = "<group>"; };
		045B44A52D2150AF00514A27 /* ContentView.swift */ = {isa = PBXFileReference; lastKnownFileType = sourcecode.swift; path = ContentView.swift; sourceTree = "<group>"; };
		045B44A62D2150AF00514A27 /* WhereApp.swift */ = {isa = PBXFileReference; lastKnownFileType = sourcecode.swift; path = WhereApp.swift; sourceTree = "<group>"; };
		045B44B12D21517D00514A27 /* Splash.storyboard */ = {isa = PBXFileReference; lastKnownFileType = file.storyboard; path = Splash.storyboard; sourceTree = "<group>"; };
		045B44B92D2164FA00514A27 /* Pretendard.swift */ = {isa = PBXFileReference; lastKnownFileType = sourcecode.swift; path = Pretendard.swift; sourceTree = "<group>"; };
		045B44C42D21659700514A27 /* Info.plist */ = {isa = PBXFileReference; lastKnownFileType = text.plist; path = Info.plist; sourceTree = "<group>"; };
		045B44C52D2166D000514A27 /* WhereFont.swift */ = {isa = PBXFileReference; lastKnownFileType = sourcecode.swift; path = WhereFont.swift; sourceTree = "<group>"; };
		045B44C82D216A3E00514A27 /* Font+Pretendard.swift */ = {isa = PBXFileReference; lastKnownFileType = sourcecode.swift; path = "Font+Pretendard.swift"; sourceTree = "<group>"; };
		045B44CA2D216AA200514A27 /* View+Pretendard.swift */ = {isa = PBXFileReference; lastKnownFileType = sourcecode.swift; path = "View+Pretendard.swift"; sourceTree = "<group>"; };
		045B44EB2D224D1D00514A27 /* Color Extension.swift */ = {isa = PBXFileReference; lastKnownFileType = sourcecode.swift; path = "Color Extension.swift"; sourceTree = "<group>"; };
		045B44ED2D224D5C00514A27 /* OnboardingView.swift */ = {isa = PBXFileReference; lastKnownFileType = sourcecode.swift; path = OnboardingView.swift; sourceTree = "<group>"; };
		045B44F32D22889000514A27 /* LoginView.swift */ = {isa = PBXFileReference; lastKnownFileType = sourcecode.swift; path = LoginView.swift; sourceTree = "<group>"; };
		045B44F52D228DC000514A27 /* RoundedProminentButtonStyle.swift */ = {isa = PBXFileReference; lastKnownFileType = sourcecode.swift; path = RoundedProminentButtonStyle.swift; sourceTree = "<group>"; };
		04832B282D22A6D7003FFE3B /* SignInView.swift */ = {isa = PBXFileReference; lastKnownFileType = sourcecode.swift; path = SignInView.swift; sourceTree = "<group>"; };
		04832B2A2D22AA82003FFE3B /* RoundedTextField.swift */ = {isa = PBXFileReference; lastKnownFileType = sourcecode.swift; path = RoundedTextField.swift; sourceTree = "<group>"; };
		04832B2C2D22B52F003FFE3B /* Popup.swift */ = {isa = PBXFileReference; lastKnownFileType = sourcecode.swift; path = Popup.swift; sourceTree = "<group>"; };
		04832B2E2D2398CD003FFE3B /* RegistrationTermView.swift */ = {isa = PBXFileReference; lastKnownFileType = sourcecode.swift; path = RegistrationTermView.swift; sourceTree = "<group>"; };
		04832B302D23D63D003FFE3B /* AthentificationView.swift */ = {isa = PBXFileReference; lastKnownFileType = sourcecode.swift; path = AthentificationView.swift; sourceTree = "<group>"; };
		04832B322D23EB93003FFE3B /* Floater.swift */ = {isa = PBXFileReference; lastKnownFileType = sourcecode.swift; path = Floater.swift; sourceTree = "<group>"; };
		04832B342D23F765003FFE3B /* FloaterView.swift */ = {isa = PBXFileReference; lastKnownFileType = sourcecode.swift; path = FloaterView.swift; sourceTree = "<group>"; };
		04832B3B2D266813003FFE3B /* WhereTests.xctest */ = {isa = PBXFileReference; explicitFileType = wrapper.cfbundle; includeInIndex = 0; path = WhereTests.xctest; sourceTree = BUILT_PRODUCTS_DIR; };
		04832B442D266819003FFE3B /* WhereTests.swift */ = {isa = PBXFileReference; lastKnownFileType = sourcecode.swift; path = WhereTests.swift; sourceTree = "<group>"; };
		04832B472D266F55003FFE3B /* SearchBar.swift */ = {isa = PBXFileReference; lastKnownFileType = sourcecode.swift; path = SearchBar.swift; sourceTree = "<group>"; };
		04832B4B2D2675EF003FFE3B /* FriendsListView.swift */ = {isa = PBXFileReference; lastKnownFileType = sourcecode.swift; path = FriendsListView.swift; sourceTree = "<group>"; };
		04832B512D26A55B003FFE3B /* WhereTabView.swift */ = {isa = PBXFileReference; lastKnownFileType = sourcecode.swift; path = WhereTabView.swift; sourceTree = "<group>"; };
		049345132D229E10003D1129 /* BasedFormView.swift */ = {isa = PBXFileReference; lastKnownFileType = sourcecode.swift; path = BasedFormView.swift; sourceTree = "<group>"; };
		91A9EAA72D26EE45005F09D2 /* Pretendard-Bold.otf */ = {isa = PBXFileReference; lastKnownFileType = file; path = "Pretendard-Bold.otf"; sourceTree = "<group>"; };
		91A9EAA82D26EE45005F09D2 /* Pretendard-Medium.otf */ = {isa = PBXFileReference; lastKnownFileType = file; path = "Pretendard-Medium.otf"; sourceTree = "<group>"; };
		91A9EAA92D26EE45005F09D2 /* Pretendard-Regular.otf */ = {isa = PBXFileReference; lastKnownFileType = file; path = "Pretendard-Regular.otf"; sourceTree = "<group>"; };
		91A9EAAA2D26EE45005F09D2 /* Pretendard-SemiBold.otf */ = {isa = PBXFileReference; lastKnownFileType = file; path = "Pretendard-SemiBold.otf"; sourceTree = "<group>"; };
		91A9EAAC2D26EE45005F09D2 /* Assets.xcassets */ = {isa = PBXFileReference; lastKnownFileType = folder.assetcatalog; path = Assets.xcassets; sourceTree = "<group>"; };
		91A9EAAD2D26EE45005F09D2 /* Preview Assets.xcassets */ = {isa = PBXFileReference; lastKnownFileType = folder.assetcatalog; path = "Preview Assets.xcassets"; sourceTree = "<group>"; };
		91B7A16D2D26DFC2003932B4 /* ProfileCreationView.swift */ = {isa = PBXFileReference; lastKnownFileType = sourcecode.swift; path = ProfileCreationView.swift; sourceTree = "<group>"; };
		91B7A16E2D26DFC2003932B4 /* ProfilePopupView.swift */ = {isa = PBXFileReference; lastKnownFileType = sourcecode.swift; path = ProfilePopupView.swift; sourceTree = "<group>"; };
		91B7A1712D26DFDE003932B4 /* String.swift */ = {isa = PBXFileReference; lastKnownFileType = sourcecode.swift; path = String.swift; sourceTree = "<group>"; };
/* End PBXFileReference section */

/* Begin PBXFrameworksBuildPhase section */
		045B44722D2146B000514A27 /* Frameworks */ = {
			isa = PBXFrameworksBuildPhase;
			buildActionMask = 2147483647;
			files = (
			);
			runOnlyForDeploymentPostprocessing = 0;
		};
		04832B382D266813003FFE3B /* Frameworks */ = {
			isa = PBXFrameworksBuildPhase;
			buildActionMask = 2147483647;
			files = (
			);
			runOnlyForDeploymentPostprocessing = 0;
		};
/* End PBXFrameworksBuildPhase section */

/* Begin PBXGroup section */
		045B446C2D2146B000514A27 = {
			isa = PBXGroup;
			children = (
				045B44A72D2150AF00514A27 /* Where */,
				04832B452D266819003FFE3B /* WhereTests */,
				045B44762D2146B000514A27 /* Products */,
			);
			sourceTree = "<group>";
		};
		045B44762D2146B000514A27 /* Products */ = {
			isa = PBXGroup;
			children = (
				045B44752D2146B000514A27 /* Where.app */,
				04832B3B2D266813003FFE3B /* WhereTests.xctest */,
			);
			name = Products;
			sourceTree = "<group>";
		};
		045B44992D2150AF00514A27 /* Models */ = {
			isa = PBXGroup;
			children = (
				045B44982D2150AF00514A27 /* Model.swift */,
			);
			path = Models;
			sourceTree = "<group>";
		};
		045B449D2D2150AF00514A27 /* Service */ = {
			isa = PBXGroup;
			children = (
				045B449C2D2150AF00514A27 /* Service.swift */,
			);
			path = Service;
			sourceTree = "<group>";
		};
		045B449F2D2150AF00514A27 /* Utility */ = {
			isa = PBXGroup;
			children = (
				045B44B72D2164E800514A27 /* DesignSystem */,
				045B44EB2D224D1D00514A27 /* Color Extension.swift */,
				91B7A1712D26DFDE003932B4 /* String.swift */,
			);
			path = Utility;
			sourceTree = "<group>";
		};
		045B44A12D2150AF00514A27 /* ViewModels */ = {
			isa = PBXGroup;
			children = (
				045B44A02D2150AF00514A27 /* ViewModel.swift */,
			);
			path = ViewModels;
			sourceTree = "<group>";
		};
		045B44A32D2150AF00514A27 /* Views */ = {
			isa = PBXGroup;
			children = (
				91B7A16D2D26DFC2003932B4 /* ProfileCreationView.swift */,
				91B7A16E2D26DFC2003932B4 /* ProfilePopupView.swift */,
				045B44ED2D224D5C00514A27 /* OnboardingView.swift */,
				045B44F32D22889000514A27 /* LoginView.swift */,
				04832B282D22A6D7003FFE3B /* SignInView.swift */,
				04832B2E2D2398CD003FFE3B /* RegistrationTermView.swift */,
				04832B302D23D63D003FFE3B /* AthentificationView.swift */,
				04832B4B2D2675EF003FFE3B /* FriendsListView.swift */,
				04832B342D23F765003FFE3B /* FloaterView.swift */,
				045B44B12D21517D00514A27 /* Splash.storyboard */,
			);
			path = Views;
			sourceTree = "<group>";
		};
		045B44A72D2150AF00514A27 /* Where */ = {
			isa = PBXGroup;
			children = (
				045B44C42D21659700514A27 /* Info.plist */,
				045B44992D2150AF00514A27 /* Models */,
				045B449D2D2150AF00514A27 /* Service */,
				045B449F2D2150AF00514A27 /* Utility */,
				045B44A12D2150AF00514A27 /* ViewModels */,
				045B44A32D2150AF00514A27 /* Views */,
				045B44A52D2150AF00514A27 /* ContentView.swift */,
				045B44A62D2150AF00514A27 /* WhereApp.swift */,
				91A9EAAE2D26EE45005F09D2 /* Preview Content */,
			);
			path = Where;
			sourceTree = "<group>";
		};
		045B44B72D2164E800514A27 /* DesignSystem */ = {
			isa = PBXGroup;
			children = (
				045B44F02D2280DF00514A27 /* Components */,
				045B44B82D2164F400514A27 /* Font */,
			);
			path = DesignSystem;
			sourceTree = "<group>";
		};
		045B44B82D2164F400514A27 /* Font */ = {
			isa = PBXGroup;
			children = (
				045B44C72D216A2000514A27 /* Extensions */,
				045B44B92D2164FA00514A27 /* Pretendard.swift */,
				045B44C52D2166D000514A27 /* WhereFont.swift */,
			);
			path = Font;
			sourceTree = "<group>";
		};
		045B44C72D216A2000514A27 /* Extensions */ = {
			isa = PBXGroup;
			children = (
				045B44C82D216A3E00514A27 /* Font+Pretendard.swift */,
				045B44CA2D216AA200514A27 /* View+Pretendard.swift */,
			);
			path = Extensions;
			sourceTree = "<group>";
		};
		045B44F02D2280DF00514A27 /* Components */ = {
			isa = PBXGroup;
			children = (
				045B44F52D228DC000514A27 /* RoundedProminentButtonStyle.swift */,
				049345132D229E10003D1129 /* BasedFormView.swift */,
				04832B2A2D22AA82003FFE3B /* RoundedTextField.swift */,
				04832B2C2D22B52F003FFE3B /* Popup.swift */,
				04832B322D23EB93003FFE3B /* Floater.swift */,
				04832B472D266F55003FFE3B /* SearchBar.swift */,
				04832B512D26A55B003FFE3B /* WhereTabView.swift */,
			);
			path = Components;
			sourceTree = "<group>";
		};
		04832B452D266819003FFE3B /* WhereTests */ = {
			isa = PBXGroup;
			children = (
				04832B442D266819003FFE3B /* WhereTests.swift */,
			);
			path = WhereTests;
			sourceTree = "<group>";
		};
		91A9EAAB2D26EE45005F09D2 /* PretendardFont */ = {
			isa = PBXGroup;
			children = (
				91A9EAA72D26EE45005F09D2 /* Pretendard-Bold.otf */,
				91A9EAA82D26EE45005F09D2 /* Pretendard-Medium.otf */,
				91A9EAA92D26EE45005F09D2 /* Pretendard-Regular.otf */,
				91A9EAAA2D26EE45005F09D2 /* Pretendard-SemiBold.otf */,
			);
			path = PretendardFont;
			sourceTree = "<group>";
		};
		91A9EAAE2D26EE45005F09D2 /* Preview Content */ = {
			isa = PBXGroup;
			children = (
				91A9EAAB2D26EE45005F09D2 /* PretendardFont */,
				91A9EAAC2D26EE45005F09D2 /* Assets.xcassets */,
				91A9EAAD2D26EE45005F09D2 /* Preview Assets.xcassets */,
			);
			path = "Preview Content";
			sourceTree = "<group>";
		};
/* End PBXGroup section */

/* Begin PBXNativeTarget section */
		045B44742D2146B000514A27 /* Where */ = {
			isa = PBXNativeTarget;
			buildConfigurationList = 045B44832D2146B200514A27 /* Build configuration list for PBXNativeTarget "Where" */;
			buildPhases = (
				045B44712D2146B000514A27 /* Sources */,
				045B44722D2146B000514A27 /* Frameworks */,
				045B44732D2146B000514A27 /* Resources */,
			);
			buildRules = (
			);
			dependencies = (
			);
			name = Where;
			packageProductDependencies = (
			);
			productName = Where;
			productReference = 045B44752D2146B000514A27 /* Where.app */;
			productType = "com.apple.product-type.application";
		};
		04832B3A2D266813003FFE3B /* WhereTests */ = {
			isa = PBXNativeTarget;
			buildConfigurationList = 04832B412D266813003FFE3B /* Build configuration list for PBXNativeTarget "WhereTests" */;
			buildPhases = (
				04832B372D266813003FFE3B /* Sources */,
				04832B382D266813003FFE3B /* Frameworks */,
				04832B392D266813003FFE3B /* Resources */,
			);
			buildRules = (
			);
			dependencies = (
				04832B402D266813003FFE3B /* PBXTargetDependency */,
			);
			name = WhereTests;
			packageProductDependencies = (
			);
			productName = WhereTests;
			productReference = 04832B3B2D266813003FFE3B /* WhereTests.xctest */;
			productType = "com.apple.product-type.bundle.unit-test";
		};
/* End PBXNativeTarget section */

/* Begin PBXProject section */
		045B446D2D2146B000514A27 /* Project object */ = {
			isa = PBXProject;
			attributes = {
				BuildIndependentTargetsInParallel = 1;
				LastSwiftUpdateCheck = 1620;
				LastUpgradeCheck = 1620;
				TargetAttributes = {
					045B44742D2146B000514A27 = {
						CreatedOnToolsVersion = 16.2;
					};
					04832B3A2D266813003FFE3B = {
						CreatedOnToolsVersion = 16.2;
						TestTargetID = 045B44742D2146B000514A27;
					};
				};
			};
			buildConfigurationList = 045B44702D2146B000514A27 /* Build configuration list for PBXProject "Where" */;
			developmentRegion = en;
			hasScannedForEncodings = 0;
			knownRegions = (
				en,
				Base,
			);
			mainGroup = 045B446C2D2146B000514A27;
			minimizedProjectReferenceProxies = 1;
			preferredProjectObjectVersion = 77;
			productRefGroup = 045B44762D2146B000514A27 /* Products */;
			projectDirPath = "";
			projectRoot = "";
			targets = (
				045B44742D2146B000514A27 /* Where */,
				04832B3A2D266813003FFE3B /* WhereTests */,
			);
		};
/* End PBXProject section */

/* Begin PBXResourcesBuildPhase section */
		045B44732D2146B000514A27 /* Resources */ = {
			isa = PBXResourcesBuildPhase;
			buildActionMask = 2147483647;
			files = (
				91A9EAAF2D26EE45005F09D2 /* Pretendard-Bold.otf in Resources */,
				91A9EAB02D26EE45005F09D2 /* Pretendard-Regular.otf in Resources */,
				91A9EAB12D26EE45005F09D2 /* Preview Assets.xcassets in Resources */,
				91A9EAB22D26EE45005F09D2 /* Pretendard-Medium.otf in Resources */,
				91A9EAB32D26EE45005F09D2 /* Assets.xcassets in Resources */,
				91A9EAB42D26EE45005F09D2 /* Pretendard-SemiBold.otf in Resources */,
				045B44B22D21517D00514A27 /* Splash.storyboard in Resources */,
			);
			runOnlyForDeploymentPostprocessing = 0;
		};
		04832B392D266813003FFE3B /* Resources */ = {
			isa = PBXResourcesBuildPhase;
			buildActionMask = 2147483647;
			files = (
			);
			runOnlyForDeploymentPostprocessing = 0;
		};
/* End PBXResourcesBuildPhase section */

/* Begin PBXSourcesBuildPhase section */
		045B44712D2146B000514A27 /* Sources */ = {
			isa = PBXSourcesBuildPhase;
			buildActionMask = 2147483647;
			files = (
				045B44A82D2150AF00514A27 /* Model.swift in Sources */,
				04832B2B2D22AA82003FFE3B /* RoundedTextField.swift in Sources */,
				045B44BA2D21650200514A27 /* Pretendard.swift in Sources */,
				91B7A1722D26DFDE003932B4 /* String.swift in Sources */,
				04832B4C2D2675EF003FFE3B /* FriendsListView.swift in Sources */,
				045B44A92D2150AF00514A27 /* Service.swift in Sources */,
				045B44F62D228DC000514A27 /* RoundedProminentButtonStyle.swift in Sources */,
				04832B352D23F765003FFE3B /* FloaterView.swift in Sources */,
				04832B2F2D2398CD003FFE3B /* RegistrationTermView.swift in Sources */,
				045B44C92D216A3E00514A27 /* Font+Pretendard.swift in Sources */,
				045B44EC2D224D1D00514A27 /* Color Extension.swift in Sources */,
				04832B522D26A55B003FFE3B /* WhereTabView.swift in Sources */,
				04832B482D266F55003FFE3B /* SearchBar.swift in Sources */,
				045B44AB2D2150AF00514A27 /* ViewModel.swift in Sources */,
				04832B2D2D22B52F003FFE3B /* Popup.swift in Sources */,
				045B44F42D22889000514A27 /* LoginView.swift in Sources */,
				045B44C62D2166D000514A27 /* WhereFont.swift in Sources */,
				04832B312D23D63D003FFE3B /* AthentificationView.swift in Sources */,
				04832B292D22A6D7003FFE3B /* SignInView.swift in Sources */,
				045B44AD2D2150AF00514A27 /* ContentView.swift in Sources */,
				045B44AE2D2150AF00514A27 /* WhereApp.swift in Sources */,
				045B44CB2D216AA700514A27 /* View+Pretendard.swift in Sources */,
				04832B332D23EB93003FFE3B /* Floater.swift in Sources */,
				049345142D229E10003D1129 /* BasedFormView.swift in Sources */,
				045B44EE2D224D5C00514A27 /* OnboardingView.swift in Sources */,
				91B7A16F2D26DFC2003932B4 /* ProfileCreationView.swift in Sources */,
				91B7A1702D26DFC2003932B4 /* ProfilePopupView.swift in Sources */,
			);
			runOnlyForDeploymentPostprocessing = 0;
		};
		04832B372D266813003FFE3B /* Sources */ = {
			isa = PBXSourcesBuildPhase;
			buildActionMask = 2147483647;
			files = (
				04832B462D266819003FFE3B /* WhereTests.swift in Sources */,
			);
			runOnlyForDeploymentPostprocessing = 0;
		};
/* End PBXSourcesBuildPhase section */

/* Begin PBXTargetDependency section */
		04832B402D266813003FFE3B /* PBXTargetDependency */ = {
			isa = PBXTargetDependency;
			target = 045B44742D2146B000514A27 /* Where */;
			targetProxy = 04832B3F2D266813003FFE3B /* PBXContainerItemProxy */;
		};
/* End PBXTargetDependency section */

/* Begin XCBuildConfiguration section */
		045B44812D2146B200514A27 /* Debug */ = {
			isa = XCBuildConfiguration;
			buildSettings = {
				ALWAYS_SEARCH_USER_PATHS = NO;
				ASSETCATALOG_COMPILER_GENERATE_SWIFT_ASSET_SYMBOL_EXTENSIONS = YES;
				CLANG_ANALYZER_NONNULL = YES;
				CLANG_ANALYZER_NUMBER_OBJECT_CONVERSION = YES_AGGRESSIVE;
				CLANG_CXX_LANGUAGE_STANDARD = "gnu++20";
				CLANG_ENABLE_MODULES = YES;
				CLANG_ENABLE_OBJC_ARC = YES;
				CLANG_ENABLE_OBJC_WEAK = YES;
				CLANG_WARN_BLOCK_CAPTURE_AUTORELEASING = YES;
				CLANG_WARN_BOOL_CONVERSION = YES;
				CLANG_WARN_COMMA = YES;
				CLANG_WARN_CONSTANT_CONVERSION = YES;
				CLANG_WARN_DEPRECATED_OBJC_IMPLEMENTATIONS = YES;
				CLANG_WARN_DIRECT_OBJC_ISA_USAGE = YES_ERROR;
				CLANG_WARN_DOCUMENTATION_COMMENTS = YES;
				CLANG_WARN_EMPTY_BODY = YES;
				CLANG_WARN_ENUM_CONVERSION = YES;
				CLANG_WARN_INFINITE_RECURSION = YES;
				CLANG_WARN_INT_CONVERSION = YES;
				CLANG_WARN_NON_LITERAL_NULL_CONVERSION = YES;
				CLANG_WARN_OBJC_IMPLICIT_RETAIN_SELF = YES;
				CLANG_WARN_OBJC_LITERAL_CONVERSION = YES;
				CLANG_WARN_OBJC_ROOT_CLASS = YES_ERROR;
				CLANG_WARN_QUOTED_INCLUDE_IN_FRAMEWORK_HEADER = YES;
				CLANG_WARN_RANGE_LOOP_ANALYSIS = YES;
				CLANG_WARN_STRICT_PROTOTYPES = YES;
				CLANG_WARN_SUSPICIOUS_MOVE = YES;
				CLANG_WARN_UNGUARDED_AVAILABILITY = YES_AGGRESSIVE;
				CLANG_WARN_UNREACHABLE_CODE = YES;
				CLANG_WARN__DUPLICATE_METHOD_MATCH = YES;
				COPY_PHASE_STRIP = NO;
				DEBUG_INFORMATION_FORMAT = dwarf;
				ENABLE_STRICT_OBJC_MSGSEND = YES;
				ENABLE_TESTABILITY = YES;
				ENABLE_USER_SCRIPT_SANDBOXING = YES;
				GCC_C_LANGUAGE_STANDARD = gnu17;
				GCC_DYNAMIC_NO_PIC = NO;
				GCC_NO_COMMON_BLOCKS = YES;
				GCC_OPTIMIZATION_LEVEL = 0;
				GCC_PREPROCESSOR_DEFINITIONS = (
					"DEBUG=1",
					"$(inherited)",
				);
				GCC_WARN_64_TO_32_BIT_CONVERSION = YES;
				GCC_WARN_ABOUT_RETURN_TYPE = YES_ERROR;
				GCC_WARN_UNDECLARED_SELECTOR = YES;
				GCC_WARN_UNINITIALIZED_AUTOS = YES_AGGRESSIVE;
				GCC_WARN_UNUSED_FUNCTION = YES;
				GCC_WARN_UNUSED_VARIABLE = YES;
				IPHONEOS_DEPLOYMENT_TARGET = 18.2;
				LOCALIZATION_PREFERS_STRING_CATALOGS = YES;
				MTL_ENABLE_DEBUG_INFO = INCLUDE_SOURCE;
				MTL_FAST_MATH = YES;
				ONLY_ACTIVE_ARCH = YES;
				SDKROOT = iphoneos;
				SWIFT_ACTIVE_COMPILATION_CONDITIONS = "DEBUG $(inherited)";
				SWIFT_OPTIMIZATION_LEVEL = "-Onone";
			};
			name = Debug;
		};
		045B44822D2146B200514A27 /* Release */ = {
			isa = XCBuildConfiguration;
			buildSettings = {
				ALWAYS_SEARCH_USER_PATHS = NO;
				ASSETCATALOG_COMPILER_GENERATE_SWIFT_ASSET_SYMBOL_EXTENSIONS = YES;
				CLANG_ANALYZER_NONNULL = YES;
				CLANG_ANALYZER_NUMBER_OBJECT_CONVERSION = YES_AGGRESSIVE;
				CLANG_CXX_LANGUAGE_STANDARD = "gnu++20";
				CLANG_ENABLE_MODULES = YES;
				CLANG_ENABLE_OBJC_ARC = YES;
				CLANG_ENABLE_OBJC_WEAK = YES;
				CLANG_WARN_BLOCK_CAPTURE_AUTORELEASING = YES;
				CLANG_WARN_BOOL_CONVERSION = YES;
				CLANG_WARN_COMMA = YES;
				CLANG_WARN_CONSTANT_CONVERSION = YES;
				CLANG_WARN_DEPRECATED_OBJC_IMPLEMENTATIONS = YES;
				CLANG_WARN_DIRECT_OBJC_ISA_USAGE = YES_ERROR;
				CLANG_WARN_DOCUMENTATION_COMMENTS = YES;
				CLANG_WARN_EMPTY_BODY = YES;
				CLANG_WARN_ENUM_CONVERSION = YES;
				CLANG_WARN_INFINITE_RECURSION = YES;
				CLANG_WARN_INT_CONVERSION = YES;
				CLANG_WARN_NON_LITERAL_NULL_CONVERSION = YES;
				CLANG_WARN_OBJC_IMPLICIT_RETAIN_SELF = YES;
				CLANG_WARN_OBJC_LITERAL_CONVERSION = YES;
				CLANG_WARN_OBJC_ROOT_CLASS = YES_ERROR;
				CLANG_WARN_QUOTED_INCLUDE_IN_FRAMEWORK_HEADER = YES;
				CLANG_WARN_RANGE_LOOP_ANALYSIS = YES;
				CLANG_WARN_STRICT_PROTOTYPES = YES;
				CLANG_WARN_SUSPICIOUS_MOVE = YES;
				CLANG_WARN_UNGUARDED_AVAILABILITY = YES_AGGRESSIVE;
				CLANG_WARN_UNREACHABLE_CODE = YES;
				CLANG_WARN__DUPLICATE_METHOD_MATCH = YES;
				COPY_PHASE_STRIP = NO;
				DEBUG_INFORMATION_FORMAT = "dwarf-with-dsym";
				ENABLE_NS_ASSERTIONS = NO;
				ENABLE_STRICT_OBJC_MSGSEND = YES;
				ENABLE_USER_SCRIPT_SANDBOXING = YES;
				GCC_C_LANGUAGE_STANDARD = gnu17;
				GCC_NO_COMMON_BLOCKS = YES;
				GCC_WARN_64_TO_32_BIT_CONVERSION = YES;
				GCC_WARN_ABOUT_RETURN_TYPE = YES_ERROR;
				GCC_WARN_UNDECLARED_SELECTOR = YES;
				GCC_WARN_UNINITIALIZED_AUTOS = YES_AGGRESSIVE;
				GCC_WARN_UNUSED_FUNCTION = YES;
				GCC_WARN_UNUSED_VARIABLE = YES;
				IPHONEOS_DEPLOYMENT_TARGET = 18.2;
				LOCALIZATION_PREFERS_STRING_CATALOGS = YES;
				MTL_ENABLE_DEBUG_INFO = NO;
				MTL_FAST_MATH = YES;
				SDKROOT = iphoneos;
				SWIFT_COMPILATION_MODE = wholemodule;
				VALIDATE_PRODUCT = YES;
			};
			name = Release;
		};
		045B44842D2146B200514A27 /* Debug */ = {
			isa = XCBuildConfiguration;
			buildSettings = {
				ASSETCATALOG_COMPILER_APPICON_NAME = AppIcon;
				ASSETCATALOG_COMPILER_GLOBAL_ACCENT_COLOR_NAME = AccentColor;
				CODE_SIGN_STYLE = Automatic;
				CURRENT_PROJECT_VERSION = 1;
				DEVELOPMENT_ASSET_PATHS = "\"Where/Preview Content\"";
				DEVELOPMENT_TEAM = P85DW78LYM;
				ENABLE_PREVIEWS = YES;
				GENERATE_INFOPLIST_FILE = YES;
				INFOPLIST_FILE = Where/Info.plist;
				INFOPLIST_KEY_UIApplicationSceneManifest_Generation = YES;
				INFOPLIST_KEY_UIApplicationSupportsIndirectInputEvents = YES;
				INFOPLIST_KEY_UILaunchScreen_Generation = YES;
				INFOPLIST_KEY_UISupportedInterfaceOrientations_iPad = "UIInterfaceOrientationPortrait UIInterfaceOrientationPortraitUpsideDown UIInterfaceOrientationLandscapeLeft UIInterfaceOrientationLandscapeRight";
				INFOPLIST_KEY_UISupportedInterfaceOrientations_iPhone = "UIInterfaceOrientationPortrait UIInterfaceOrientationLandscapeLeft UIInterfaceOrientationLandscapeRight";
				LD_RUNPATH_SEARCH_PATHS = (
					"$(inherited)",
					"@executable_path/Frameworks",
				);
				MARKETING_VERSION = 1.0;
				PRODUCT_BUNDLE_IDENTIFIER = com.Where1;
				PRODUCT_NAME = "$(TARGET_NAME)";
				SWIFT_EMIT_LOC_STRINGS = YES;
				SWIFT_VERSION = 5.0;
				TARGETED_DEVICE_FAMILY = "1,2";
			};
			name = Debug;
		};
		045B44852D2146B200514A27 /* Release */ = {
			isa = XCBuildConfiguration;
			buildSettings = {
				ASSETCATALOG_COMPILER_APPICON_NAME = AppIcon;
				ASSETCATALOG_COMPILER_GLOBAL_ACCENT_COLOR_NAME = AccentColor;
				CODE_SIGN_STYLE = Automatic;
				CURRENT_PROJECT_VERSION = 1;
				DEVELOPMENT_ASSET_PATHS = "\"Where/Preview Content\"";
				DEVELOPMENT_TEAM = P85DW78LYM;
				ENABLE_PREVIEWS = YES;
				GENERATE_INFOPLIST_FILE = YES;
				INFOPLIST_FILE = Where/Info.plist;
				INFOPLIST_KEY_UIApplicationSceneManifest_Generation = YES;
				INFOPLIST_KEY_UIApplicationSupportsIndirectInputEvents = YES;
				INFOPLIST_KEY_UILaunchScreen_Generation = YES;
				INFOPLIST_KEY_UISupportedInterfaceOrientations_iPad = "UIInterfaceOrientationPortrait UIInterfaceOrientationPortraitUpsideDown UIInterfaceOrientationLandscapeLeft UIInterfaceOrientationLandscapeRight";
				INFOPLIST_KEY_UISupportedInterfaceOrientations_iPhone = "UIInterfaceOrientationPortrait UIInterfaceOrientationLandscapeLeft UIInterfaceOrientationLandscapeRight";
				LD_RUNPATH_SEARCH_PATHS = (
					"$(inherited)",
					"@executable_path/Frameworks",
				);
				MARKETING_VERSION = 1.0;
				PRODUCT_BUNDLE_IDENTIFIER = com.Where1;
				PRODUCT_NAME = "$(TARGET_NAME)";
				SWIFT_EMIT_LOC_STRINGS = YES;
				SWIFT_VERSION = 5.0;
				TARGETED_DEVICE_FAMILY = "1,2";
			};
			name = Release;
		};
		04832B422D266813003FFE3B /* Debug */ = {
			isa = XCBuildConfiguration;
			buildSettings = {
				BUNDLE_LOADER = "$(TEST_HOST)";
				CODE_SIGN_STYLE = Automatic;
				CURRENT_PROJECT_VERSION = 1;
				DEVELOPMENT_TEAM = P85DW78LYM;
				GENERATE_INFOPLIST_FILE = YES;
				MARKETING_VERSION = 1.0;
				PRODUCT_BUNDLE_IDENTIFIER = com.WhereTests;
				PRODUCT_NAME = "$(TARGET_NAME)";
				SWIFT_EMIT_LOC_STRINGS = NO;
				SWIFT_VERSION = 5.0;
				TARGETED_DEVICE_FAMILY = "1,2";
				TEST_HOST = "$(BUILT_PRODUCTS_DIR)/Where.app/$(BUNDLE_EXECUTABLE_FOLDER_PATH)/Where";
			};
			name = Debug;
		};
		04832B432D266813003FFE3B /* Release */ = {
			isa = XCBuildConfiguration;
			buildSettings = {
				BUNDLE_LOADER = "$(TEST_HOST)";
				CODE_SIGN_STYLE = Automatic;
				CURRENT_PROJECT_VERSION = 1;
				DEVELOPMENT_TEAM = P85DW78LYM;
				GENERATE_INFOPLIST_FILE = YES;
				MARKETING_VERSION = 1.0;
				PRODUCT_BUNDLE_IDENTIFIER = com.WhereTests;
				PRODUCT_NAME = "$(TARGET_NAME)";
				SWIFT_EMIT_LOC_STRINGS = NO;
				SWIFT_VERSION = 5.0;
				TARGETED_DEVICE_FAMILY = "1,2";
				TEST_HOST = "$(BUILT_PRODUCTS_DIR)/Where.app/$(BUNDLE_EXECUTABLE_FOLDER_PATH)/Where";
			};
			name = Release;
		};
/* End XCBuildConfiguration section */

/* Begin XCConfigurationList section */
		045B44702D2146B000514A27 /* Build configuration list for PBXProject "Where" */ = {
			isa = XCConfigurationList;
			buildConfigurations = (
				045B44812D2146B200514A27 /* Debug */,
				045B44822D2146B200514A27 /* Release */,
			);
			defaultConfigurationIsVisible = 0;
			defaultConfigurationName = Release;
		};
		045B44832D2146B200514A27 /* Build configuration list for PBXNativeTarget "Where" */ = {
			isa = XCConfigurationList;
			buildConfigurations = (
				045B44842D2146B200514A27 /* Debug */,
				045B44852D2146B200514A27 /* Release */,
			);
			defaultConfigurationIsVisible = 0;
			defaultConfigurationName = Release;
		};
		04832B412D266813003FFE3B /* Build configuration list for PBXNativeTarget "WhereTests" */ = {
			isa = XCConfigurationList;
			buildConfigurations = (
				04832B422D266813003FFE3B /* Debug */,
				04832B432D266813003FFE3B /* Release */,
			);
			defaultConfigurationIsVisible = 0;
			defaultConfigurationName = Release;
		};
/* End XCConfigurationList section */
	};
	rootObject = 045B446D2D2146B000514A27 /* Project object */;
}
