// !$*UTF8*$!
{
	archiveVersion = 1;
	classes = {
	};
	objectVersion = 77;
	objects = {

/* Begin PBXBuildFile section */
		045B44A92D2150AF00514A27 /* Service.swift in Sources */ = {isa = PBXBuildFile; fileRef = 045B449C2D2150AF00514A27 /* Service.swift */; };
		045B44AD2D2150AF00514A27 /* ContentView.swift in Sources */ = {isa = PBXBuildFile; fileRef = 045B44A52D2150AF00514A27 /* ContentView.swift */; };
		045B44AE2D2150AF00514A27 /* WhereApp.swift in Sources */ = {isa = PBXBuildFile; fileRef = 045B44A62D2150AF00514A27 /* WhereApp.swift */; };
		045B44BA2D21650200514A27 /* Pretendard.swift in Sources */ = {isa = PBXBuildFile; fileRef = 045B44B92D2164FA00514A27 /* Pretendard.swift */; };
		045B44C62D2166D000514A27 /* WhereFont.swift in Sources */ = {isa = PBXBuildFile; fileRef = 045B44C52D2166D000514A27 /* WhereFont.swift */; };
		045B44C92D216A3E00514A27 /* Font+Pretendard.swift in Sources */ = {isa = PBXBuildFile; fileRef = 045B44C82D216A3E00514A27 /* Font+Pretendard.swift */; };
		045B44CB2D216AA700514A27 /* View+Pretendard.swift in Sources */ = {isa = PBXBuildFile; fileRef = 045B44CA2D216AA200514A27 /* View+Pretendard.swift */; };
		045B44EC2D224D1D00514A27 /* Color Extension.swift in Sources */ = {isa = PBXBuildFile; fileRef = 045B44EB2D224D1D00514A27 /* Color Extension.swift */; };
		045B44F62D228DC000514A27 /* RoundedProminentButtonStyle.swift in Sources */ = {isa = PBXBuildFile; fileRef = 045B44F52D228DC000514A27 /* RoundedProminentButtonStyle.swift */; };
		045CA15C2D27BC96001B5CEE /* AppStorageKey.swift in Sources */ = {isa = PBXBuildFile; fileRef = 045CA15B2D27BC96001B5CEE /* AppStorageKey.swift */; };
		045CA1612D27D22D001B5CEE /* HistoryReminderView.swift in Sources */ = {isa = PBXBuildFile; fileRef = 045CA1602D27D22D001B5CEE /* HistoryReminderView.swift */; };
		046833D52D3B8D67009D2357 /* ProfilePopupView.swift in Sources */ = {isa = PBXBuildFile; fileRef = 046833D42D3B8D67009D2357 /* ProfilePopupView.swift */; };
		046833D62D3B8D67009D2357 /* ProfileCreationView.swift in Sources */ = {isa = PBXBuildFile; fileRef = 046833D32D3B8D67009D2357 /* ProfileCreationView.swift */; };
		046833DB2D3B8DB8009D2357 /* RegistrationTermView.swift in Sources */ = {isa = PBXBuildFile; fileRef = 046833D92D3B8DB8009D2357 /* RegistrationTermView.swift */; };
		046833DC2D3B8DB8009D2357 /* SignInView.swift in Sources */ = {isa = PBXBuildFile; fileRef = 046833DA2D3B8DB8009D2357 /* SignInView.swift */; };
		046833DD2D3B8DB8009D2357 /* AuthentificationView.swift in Sources */ = {isa = PBXBuildFile; fileRef = 046833D72D3B8DB8009D2357 /* AuthentificationView.swift */; };
		046833DE2D3B8DB8009D2357 /* LoginView.swift in Sources */ = {isa = PBXBuildFile; fileRef = 046833D82D3B8DB8009D2357 /* LoginView.swift */; };
		046833E02D3B8DD1009D2357 /* FriendsListView.swift in Sources */ = {isa = PBXBuildFile; fileRef = 046833DF2D3B8DD1009D2357 /* FriendsListView.swift */; };
		046833E32D3B8DE5009D2357 /* Splash.storyboard in Resources */ = {isa = PBXBuildFile; fileRef = 046833E22D3B8DE5009D2357 /* Splash.storyboard */; };
		046833E42D3B8DE5009D2357 /* OnboardingView.swift in Sources */ = {isa = PBXBuildFile; fileRef = 046833E12D3B8DE5009D2357 /* OnboardingView.swift */; };
		046833E92D3B8E8E009D2357 /* MeetingInformationView.swift in Sources */ = {isa = PBXBuildFile; fileRef = 046833E72D3B8E8E009D2357 /* MeetingInformationView.swift */; };
		046833EA2D3B8E8E009D2357 /* InviteFriendsView.swift in Sources */ = {isa = PBXBuildFile; fileRef = 046833E52D3B8E8E009D2357 /* InviteFriendsView.swift */; };
		046833EB2D3B8E8E009D2357 /* MeetingPlacesView.swift in Sources */ = {isa = PBXBuildFile; fileRef = 046833E82D3B8E8E009D2357 /* MeetingPlacesView.swift */; };
		046833EC2D3B8E8E009D2357 /* MeetingInformationDetailView.swift in Sources */ = {isa = PBXBuildFile; fileRef = 046833E62D3B8E8E009D2357 /* MeetingInformationDetailView.swift */; };
		046833F02D3B8F65009D2357 /* DayOfWeek+Day+Month.swift in Sources */ = {isa = PBXBuildFile; fileRef = 046833ED2D3B8F65009D2357 /* DayOfWeek+Day+Month.swift */; };
		046833F12D3B8F65009D2357 /* Place.swift in Sources */ = {isa = PBXBuildFile; fileRef = 046833EF2D3B8F65009D2357 /* Place.swift */; };
		046833F22D3B8F65009D2357 /* Meridiem.swift in Sources */ = {isa = PBXBuildFile; fileRef = 046833EE2D3B8F65009D2357 /* Meridiem.swift */; };
		046833F42D3B8F77009D2357 /* DateFormat.swift in Sources */ = {isa = PBXBuildFile; fileRef = 046833F32D3B8F77009D2357 /* DateFormat.swift */; };
		046833F52D3B8F99009D2357 /* User.swift in Sources */ = {isa = PBXBuildFile; fileRef = 045CA1622D27E3EE001B5CEE /* User.swift */; };
		046833F62D3B8FB4009D2357 /* FriendsListViewModel.swift in Sources */ = {isa = PBXBuildFile; fileRef = 045CA15E2D27BEFB001B5CEE /* FriendsListViewModel.swift */; };
		046833F92D3B8FE5009D2357 /* InviteFriendsViewModel.swift in Sources */ = {isa = PBXBuildFile; fileRef = 046833F72D3B8FE5009D2357 /* InviteFriendsViewModel.swift */; };
		046833FB2D3B902E009D2357 /* CalendarView.swift in Sources */ = {isa = PBXBuildFile; fileRef = 046833FA2D3B902E009D2357 /* CalendarView.swift */; };
		046834182D3E26E2009D2357 /* SettingView.swift in Sources */ = {isa = PBXBuildFile; fileRef = 046834172D3E26E2009D2357 /* SettingView.swift */; };
		048182272D29151800CCF721 /* AsyncDateView.swift in Sources */ = {isa = PBXBuildFile; fileRef = 048182262D29151800CCF721 /* AsyncDateView.swift */; };
		04832B2B2D22AA82003FFE3B /* RoundedTextField.swift in Sources */ = {isa = PBXBuildFile; fileRef = 04832B2A2D22AA82003FFE3B /* RoundedTextField.swift */; };
		04832B2D2D22B52F003FFE3B /* Popup.swift in Sources */ = {isa = PBXBuildFile; fileRef = 04832B2C2D22B52F003FFE3B /* Popup.swift */; };
		04832B332D23EB93003FFE3B /* Floater.swift in Sources */ = {isa = PBXBuildFile; fileRef = 04832B322D23EB93003FFE3B /* Floater.swift */; };
		04832B462D266819003FFE3B /* WhereTests.swift in Sources */ = {isa = PBXBuildFile; fileRef = 04832B442D266819003FFE3B /* WhereTests.swift */; };
		04832B482D266F55003FFE3B /* SearchBar.swift in Sources */ = {isa = PBXBuildFile; fileRef = 04832B472D266F55003FFE3B /* SearchBar.swift */; };
		049345142D229E10003D1129 /* BasedFormView.swift in Sources */ = {isa = PBXBuildFile; fileRef = 049345132D229E10003D1129 /* BasedFormView.swift */; };
		04A4F43F2D3F92730041FD02 /* AuthentificationViewModel.swift in Sources */ = {isa = PBXBuildFile; fileRef = 04A4F43E2D3F92730041FD02 /* AuthentificationViewModel.swift */; };
		04A4F4412D40D7EC0041FD02 /* AdjustPasswordView.swift in Sources */ = {isa = PBXBuildFile; fileRef = 04A4F4402D40D7EC0041FD02 /* AdjustPasswordView.swift */; };
		04A4F4442D40D82E0041FD02 /* AdjustPasswordViewModel.swift in Sources */ = {isa = PBXBuildFile; fileRef = 04A4F4432D40D82E0041FD02 /* AdjustPasswordViewModel.swift */; };
		04A4F4462D40D8E20041FD02 /* AuthentificationState.swift in Sources */ = {isa = PBXBuildFile; fileRef = 04A4F4452D40D8E20041FD02 /* AuthentificationState.swift */; };
		04A4F45B2D42105E0041FD02 /* Inquiry.swift in Sources */ = {isa = PBXBuildFile; fileRef = 04A4F45A2D42105E0041FD02 /* Inquiry.swift */; };
		04A4F45D2D4212020041FD02 /* Meeting.swift in Sources */ = {isa = PBXBuildFile; fileRef = 04A4F45C2D4212020041FD02 /* Meeting.swift */; };
		04A4F45F2D42153F0041FD02 /* Comment.swift in Sources */ = {isa = PBXBuildFile; fileRef = 04A4F45E2D42153F0041FD02 /* Comment.swift */; };
		04A4F4612D42189F0041FD02 /* Notificaiton.swift in Sources */ = {isa = PBXBuildFile; fileRef = 04A4F4602D42189F0041FD02 /* Notificaiton.swift */; };
		04F0517E2D422B01000892C0 /* KakaoSDKAuth in Frameworks */ = {isa = PBXBuildFile; productRef = 04F0517D2D422B01000892C0 /* KakaoSDKAuth */; };
		04F051802D422B01000892C0 /* KakaoSDKCommon in Frameworks */ = {isa = PBXBuildFile; productRef = 04F0517F2D422B01000892C0 /* KakaoSDKCommon */; };
		04F051822D422B01000892C0 /* KakaoSDKFriend in Frameworks */ = {isa = PBXBuildFile; productRef = 04F051812D422B01000892C0 /* KakaoSDKFriend */; };
		04F051842D422B01000892C0 /* KakaoSDKUser in Frameworks */ = {isa = PBXBuildFile; productRef = 04F051832D422B01000892C0 /* KakaoSDKUser */; };
		04F051862D42304D000892C0 /* AppSecret.xcconfig in Resources */ = {isa = PBXBuildFile; fileRef = 04F051852D42304D000892C0 /* AppSecret.xcconfig */; };
		04F051882D423283000892C0 /* Bundle.swift in Sources */ = {isa = PBXBuildFile; fileRef = 04F051872D423283000892C0 /* Bundle.swift */; };
		04F0518A2D42332D000892C0 /* AuthentificationProvider.swift in Sources */ = {isa = PBXBuildFile; fileRef = 04F051892D42332D000892C0 /* AuthentificationProvider.swift */; };
		04F0518D2D423B38000892C0 /* NaverThirdPartyLogin in Frameworks */ = {isa = PBXBuildFile; productRef = 04F0518C2D423B38000892C0 /* NaverThirdPartyLogin */; };
		91A9EAAF2D26EE45005F09D2 /* Pretendard-Bold.otf in Resources */ = {isa = PBXBuildFile; fileRef = 91A9EAA72D26EE45005F09D2 /* Pretendard-Bold.otf */; };
		91A9EAB02D26EE45005F09D2 /* Pretendard-Regular.otf in Resources */ = {isa = PBXBuildFile; fileRef = 91A9EAA92D26EE45005F09D2 /* Pretendard-Regular.otf */; };
		91A9EAB12D26EE45005F09D2 /* Preview Assets.xcassets in Resources */ = {isa = PBXBuildFile; fileRef = 91A9EAAD2D26EE45005F09D2 /* Preview Assets.xcassets */; };
		91A9EAB22D26EE45005F09D2 /* Pretendard-Medium.otf in Resources */ = {isa = PBXBuildFile; fileRef = 91A9EAA82D26EE45005F09D2 /* Pretendard-Medium.otf */; };
		91A9EAB32D26EE45005F09D2 /* Assets.xcassets in Resources */ = {isa = PBXBuildFile; fileRef = 91A9EAAC2D26EE45005F09D2 /* Assets.xcassets */; };
		91A9EAB42D26EE45005F09D2 /* Pretendard-SemiBold.otf in Resources */ = {isa = PBXBuildFile; fileRef = 91A9EAAA2D26EE45005F09D2 /* Pretendard-SemiBold.otf */; };
		91A9EAB72D299D4B005F09D2 /* SignUpCompleteView.swift in Sources */ = {isa = PBXBuildFile; fileRef = 91A9EAB62D299D4B005F09D2 /* SignUpCompleteView.swift */; };
		91A9EABA2D29AFD7005F09D2 /* HomeView.swift in Sources */ = {isa = PBXBuildFile; fileRef = 91A9EAB92D29AFD7005F09D2 /* HomeView.swift */; };
		91A9EABD2D29BA85005F09D2 /* TabBarView.swift in Sources */ = {isa = PBXBuildFile; fileRef = 91A9EABC2D29BA85005F09D2 /* TabBarView.swift */; };
		91A9EABF2D29C511005F09D2 /* NewMeetingSheet1View.swift in Sources */ = {isa = PBXBuildFile; fileRef = 91A9EABE2D29C511005F09D2 /* NewMeetingSheet1View.swift */; };
		91A9EAC42D29C5D0005F09D2 /* Dismiss.swift in Sources */ = {isa = PBXBuildFile; fileRef = 91A9EAC32D29C5D0005F09D2 /* Dismiss.swift */; };
		91B7A1722D26DFDE003932B4 /* String.swift in Sources */ = {isa = PBXBuildFile; fileRef = 91B7A1712D26DFDE003932B4 /* String.swift */; };
		91F1BFC42D329798000B4C84 /* NewMeetingCompleteView.swift in Sources */ = {isa = PBXBuildFile; fileRef = 91F1BFC32D329798000B4C84 /* NewMeetingCompleteView.swift */; };
		91F1BFC72D3B7F95000B4C84 /* PlaceDetail.swift in Sources */ = {isa = PBXBuildFile; fileRef = 91F1BFC62D3B7F95000B4C84 /* PlaceDetail.swift */; };
		91F1BFC92D3B8093000B4C84 /* BackButton.swift in Sources */ = {isa = PBXBuildFile; fileRef = 91F1BFC82D3B8093000B4C84 /* BackButton.swift */; };
		F70F76C82D2FBB1E006EFF2D /* NewImagePopupView.swift in Sources */ = {isa = PBXBuildFile; fileRef = F70F76C72D2FBB1E006EFF2D /* NewImagePopupView.swift */; };
		F70F76CA2D2FC00A006EFF2D /* NewMeetingSheet2View.swift in Sources */ = {isa = PBXBuildFile; fileRef = F70F76C92D2FC00A006EFF2D /* NewMeetingSheet2View.swift */; };
		F75400962D310EF5009D201F /* NewFriendListView.swift in Sources */ = {isa = PBXBuildFile; fileRef = F75400952D310EF5009D201F /* NewFriendListView.swift */; };
/* End PBXBuildFile section */

/* Begin PBXContainerItemProxy section */
		04832B3F2D266813003FFE3B /* PBXContainerItemProxy */ = {
			isa = PBXContainerItemProxy;
			containerPortal = 045B446D2D2146B000514A27 /* Project object */;
			proxyType = 1;
			remoteGlobalIDString = 045B44742D2146B000514A27;
			remoteInfo = Where;
		};
/* End PBXContainerItemProxy section */

/* Begin PBXFileReference section */
		045B44752D2146B000514A27 /* Where.app */ = {isa = PBXFileReference; explicitFileType = wrapper.application; includeInIndex = 0; path = Where.app; sourceTree = BUILT_PRODUCTS_DIR; };
		045B449C2D2150AF00514A27 /* Service.swift */ = {isa = PBXFileReference; lastKnownFileType = sourcecode.swift; path = Service.swift; sourceTree = "<group>"; };
		045B44A52D2150AF00514A27 /* ContentView.swift */ = {isa = PBXFileReference; lastKnownFileType = sourcecode.swift; path = ContentView.swift; sourceTree = "<group>"; };
		045B44A62D2150AF00514A27 /* WhereApp.swift */ = {isa = PBXFileReference; lastKnownFileType = sourcecode.swift; path = WhereApp.swift; sourceTree = "<group>"; };
		045B44B92D2164FA00514A27 /* Pretendard.swift */ = {isa = PBXFileReference; lastKnownFileType = sourcecode.swift; path = Pretendard.swift; sourceTree = "<group>"; };
		045B44C42D21659700514A27 /* Info.plist */ = {isa = PBXFileReference; lastKnownFileType = text.plist; path = Info.plist; sourceTree = "<group>"; };
		045B44C52D2166D000514A27 /* WhereFont.swift */ = {isa = PBXFileReference; lastKnownFileType = sourcecode.swift; path = WhereFont.swift; sourceTree = "<group>"; };
		045B44C82D216A3E00514A27 /* Font+Pretendard.swift */ = {isa = PBXFileReference; lastKnownFileType = sourcecode.swift; path = "Font+Pretendard.swift"; sourceTree = "<group>"; };
		045B44CA2D216AA200514A27 /* View+Pretendard.swift */ = {isa = PBXFileReference; lastKnownFileType = sourcecode.swift; path = "View+Pretendard.swift"; sourceTree = "<group>"; };
		045B44EB2D224D1D00514A27 /* Color Extension.swift */ = {isa = PBXFileReference; lastKnownFileType = sourcecode.swift; path = "Color Extension.swift"; sourceTree = "<group>"; };
		045B44F52D228DC000514A27 /* RoundedProminentButtonStyle.swift */ = {isa = PBXFileReference; lastKnownFileType = sourcecode.swift; path = RoundedProminentButtonStyle.swift; sourceTree = "<group>"; };
		045CA15B2D27BC96001B5CEE /* AppStorageKey.swift */ = {isa = PBXFileReference; lastKnownFileType = sourcecode.swift; path = AppStorageKey.swift; sourceTree = "<group>"; };
		045CA15E2D27BEFB001B5CEE /* FriendsListViewModel.swift */ = {isa = PBXFileReference; lastKnownFileType = sourcecode.swift; path = FriendsListViewModel.swift; sourceTree = "<group>"; };
		045CA1602D27D22D001B5CEE /* HistoryReminderView.swift */ = {isa = PBXFileReference; lastKnownFileType = sourcecode.swift; path = HistoryReminderView.swift; sourceTree = "<group>"; };
		045CA1622D27E3EE001B5CEE /* User.swift */ = {isa = PBXFileReference; lastKnownFileType = sourcecode.swift; path = User.swift; sourceTree = "<group>"; };
		046833D32D3B8D67009D2357 /* ProfileCreationView.swift */ = {isa = PBXFileReference; lastKnownFileType = sourcecode.swift; path = ProfileCreationView.swift; sourceTree = "<group>"; };
		046833D42D3B8D67009D2357 /* ProfilePopupView.swift */ = {isa = PBXFileReference; lastKnownFileType = sourcecode.swift; path = ProfilePopupView.swift; sourceTree = "<group>"; };
		046833D72D3B8DB8009D2357 /* AuthentificationView.swift */ = {isa = PBXFileReference; lastKnownFileType = sourcecode.swift; path = AuthentificationView.swift; sourceTree = "<group>"; };
		046833D82D3B8DB8009D2357 /* LoginView.swift */ = {isa = PBXFileReference; lastKnownFileType = sourcecode.swift; path = LoginView.swift; sourceTree = "<group>"; };
		046833D92D3B8DB8009D2357 /* RegistrationTermView.swift */ = {isa = PBXFileReference; lastKnownFileType = sourcecode.swift; path = RegistrationTermView.swift; sourceTree = "<group>"; };
		046833DA2D3B8DB8009D2357 /* SignInView.swift */ = {isa = PBXFileReference; lastKnownFileType = sourcecode.swift; path = SignInView.swift; sourceTree = "<group>"; };
		046833DF2D3B8DD1009D2357 /* FriendsListView.swift */ = {isa = PBXFileReference; lastKnownFileType = sourcecode.swift; path = FriendsListView.swift; sourceTree = "<group>"; };
		046833E12D3B8DE5009D2357 /* OnboardingView.swift */ = {isa = PBXFileReference; lastKnownFileType = sourcecode.swift; path = OnboardingView.swift; sourceTree = "<group>"; };
		046833E22D3B8DE5009D2357 /* Splash.storyboard */ = {isa = PBXFileReference; lastKnownFileType = file.storyboard; path = Splash.storyboard; sourceTree = "<group>"; };
		046833E52D3B8E8E009D2357 /* InviteFriendsView.swift */ = {isa = PBXFileReference; lastKnownFileType = sourcecode.swift; path = InviteFriendsView.swift; sourceTree = "<group>"; };
		046833E62D3B8E8E009D2357 /* MeetingInformationDetailView.swift */ = {isa = PBXFileReference; lastKnownFileType = sourcecode.swift; path = MeetingInformationDetailView.swift; sourceTree = "<group>"; };
		046833E72D3B8E8E009D2357 /* MeetingInformationView.swift */ = {isa = PBXFileReference; lastKnownFileType = sourcecode.swift; path = MeetingInformationView.swift; sourceTree = "<group>"; };
		046833E82D3B8E8E009D2357 /* MeetingPlacesView.swift */ = {isa = PBXFileReference; lastKnownFileType = sourcecode.swift; path = MeetingPlacesView.swift; sourceTree = "<group>"; };
		046833ED2D3B8F65009D2357 /* DayOfWeek+Day+Month.swift */ = {isa = PBXFileReference; lastKnownFileType = sourcecode.swift; path = "DayOfWeek+Day+Month.swift"; sourceTree = "<group>"; };
		046833EE2D3B8F65009D2357 /* Meridiem.swift */ = {isa = PBXFileReference; lastKnownFileType = sourcecode.swift; path = Meridiem.swift; sourceTree = "<group>"; };
		046833EF2D3B8F65009D2357 /* Place.swift */ = {isa = PBXFileReference; lastKnownFileType = sourcecode.swift; path = Place.swift; sourceTree = "<group>"; };
		046833F32D3B8F77009D2357 /* DateFormat.swift */ = {isa = PBXFileReference; lastKnownFileType = sourcecode.swift; path = DateFormat.swift; sourceTree = "<group>"; };
		046833F72D3B8FE5009D2357 /* InviteFriendsViewModel.swift */ = {isa = PBXFileReference; lastKnownFileType = sourcecode.swift; path = InviteFriendsViewModel.swift; sourceTree = "<group>"; };
		046833FA2D3B902E009D2357 /* CalendarView.swift */ = {isa = PBXFileReference; lastKnownFileType = sourcecode.swift; path = CalendarView.swift; sourceTree = "<group>"; };
		046834172D3E26E2009D2357 /* SettingView.swift */ = {isa = PBXFileReference; lastKnownFileType = sourcecode.swift; path = SettingView.swift; sourceTree = "<group>"; };
		048182262D29151800CCF721 /* AsyncDateView.swift */ = {isa = PBXFileReference; lastKnownFileType = sourcecode.swift; path = AsyncDateView.swift; sourceTree = "<group>"; };
		04832B2A2D22AA82003FFE3B /* RoundedTextField.swift */ = {isa = PBXFileReference; lastKnownFileType = sourcecode.swift; path = RoundedTextField.swift; sourceTree = "<group>"; };
		04832B2C2D22B52F003FFE3B /* Popup.swift */ = {isa = PBXFileReference; lastKnownFileType = sourcecode.swift; path = Popup.swift; sourceTree = "<group>"; };
		04832B322D23EB93003FFE3B /* Floater.swift */ = {isa = PBXFileReference; lastKnownFileType = sourcecode.swift; path = Floater.swift; sourceTree = "<group>"; };
		04832B3B2D266813003FFE3B /* WhereTests.xctest */ = {isa = PBXFileReference; explicitFileType = wrapper.cfbundle; includeInIndex = 0; path = WhereTests.xctest; sourceTree = BUILT_PRODUCTS_DIR; };
		04832B442D266819003FFE3B /* WhereTests.swift */ = {isa = PBXFileReference; lastKnownFileType = sourcecode.swift; path = WhereTests.swift; sourceTree = "<group>"; };
		04832B472D266F55003FFE3B /* SearchBar.swift */ = {isa = PBXFileReference; lastKnownFileType = sourcecode.swift; path = SearchBar.swift; sourceTree = "<group>"; };
		049345132D229E10003D1129 /* BasedFormView.swift */ = {isa = PBXFileReference; lastKnownFileType = sourcecode.swift; path = BasedFormView.swift; sourceTree = "<group>"; };
		04A4F43E2D3F92730041FD02 /* AuthentificationViewModel.swift */ = {isa = PBXFileReference; lastKnownFileType = sourcecode.swift; path = AuthentificationViewModel.swift; sourceTree = "<group>"; };
		04A4F4402D40D7EC0041FD02 /* AdjustPasswordView.swift */ = {isa = PBXFileReference; lastKnownFileType = sourcecode.swift; path = AdjustPasswordView.swift; sourceTree = "<group>"; };
		04A4F4432D40D82E0041FD02 /* AdjustPasswordViewModel.swift */ = {isa = PBXFileReference; lastKnownFileType = sourcecode.swift; path = AdjustPasswordViewModel.swift; sourceTree = "<group>"; };
		04A4F4452D40D8E20041FD02 /* AuthentificationState.swift */ = {isa = PBXFileReference; lastKnownFileType = sourcecode.swift; path = AuthentificationState.swift; sourceTree = "<group>"; };
		04A4F45A2D42105E0041FD02 /* Inquiry.swift */ = {isa = PBXFileReference; lastKnownFileType = sourcecode.swift; path = Inquiry.swift; sourceTree = "<group>"; };
		04A4F45C2D4212020041FD02 /* Meeting.swift */ = {isa = PBXFileReference; lastKnownFileType = sourcecode.swift; path = Meeting.swift; sourceTree = "<group>"; };
		04A4F45E2D42153F0041FD02 /* Comment.swift */ = {isa = PBXFileReference; lastKnownFileType = sourcecode.swift; path = Comment.swift; sourceTree = "<group>"; };
		04A4F4602D42189F0041FD02 /* Notificaiton.swift */ = {isa = PBXFileReference; lastKnownFileType = sourcecode.swift; path = Notificaiton.swift; sourceTree = "<group>"; };
		04F051852D42304D000892C0 /* AppSecret.xcconfig */ = {isa = PBXFileReference; lastKnownFileType = text.xcconfig; path = AppSecret.xcconfig; sourceTree = "<group>"; };
		04F051872D423283000892C0 /* Bundle.swift */ = {isa = PBXFileReference; lastKnownFileType = sourcecode.swift; path = Bundle.swift; sourceTree = "<group>"; };
		04F051892D42332D000892C0 /* AuthentificationProvider.swift */ = {isa = PBXFileReference; lastKnownFileType = sourcecode.swift; path = AuthentificationProvider.swift; sourceTree = "<group>"; };
		91A9EAA72D26EE45005F09D2 /* Pretendard-Bold.otf */ = {isa = PBXFileReference; lastKnownFileType = file; path = "Pretendard-Bold.otf"; sourceTree = "<group>"; };
		91A9EAA82D26EE45005F09D2 /* Pretendard-Medium.otf */ = {isa = PBXFileReference; lastKnownFileType = file; path = "Pretendard-Medium.otf"; sourceTree = "<group>"; };
		91A9EAA92D26EE45005F09D2 /* Pretendard-Regular.otf */ = {isa = PBXFileReference; lastKnownFileType = file; path = "Pretendard-Regular.otf"; sourceTree = "<group>"; };
		91A9EAAA2D26EE45005F09D2 /* Pretendard-SemiBold.otf */ = {isa = PBXFileReference; lastKnownFileType = file; path = "Pretendard-SemiBold.otf"; sourceTree = "<group>"; };
		91A9EAAC2D26EE45005F09D2 /* Assets.xcassets */ = {isa = PBXFileReference; lastKnownFileType = folder.assetcatalog; path = Assets.xcassets; sourceTree = "<group>"; };
		91A9EAAD2D26EE45005F09D2 /* Preview Assets.xcassets */ = {isa = PBXFileReference; lastKnownFileType = folder.assetcatalog; path = "Preview Assets.xcassets"; sourceTree = "<group>"; };
		91A9EAB62D299D4B005F09D2 /* SignUpCompleteView.swift */ = {isa = PBXFileReference; lastKnownFileType = sourcecode.swift; path = SignUpCompleteView.swift; sourceTree = "<group>"; };
		91A9EAB92D29AFD7005F09D2 /* HomeView.swift */ = {isa = PBXFileReference; lastKnownFileType = sourcecode.swift; path = HomeView.swift; sourceTree = "<group>"; };
		91A9EABC2D29BA85005F09D2 /* TabBarView.swift */ = {isa = PBXFileReference; lastKnownFileType = sourcecode.swift; path = TabBarView.swift; sourceTree = "<group>"; };
		91A9EABE2D29C511005F09D2 /* NewMeetingSheet1View.swift */ = {isa = PBXFileReference; lastKnownFileType = sourcecode.swift; path = NewMeetingSheet1View.swift; sourceTree = "<group>"; };
		91A9EAC32D29C5D0005F09D2 /* Dismiss.swift */ = {isa = PBXFileReference; lastKnownFileType = sourcecode.swift; path = Dismiss.swift; sourceTree = "<group>"; };
		91B7A1712D26DFDE003932B4 /* String.swift */ = {isa = PBXFileReference; lastKnownFileType = sourcecode.swift; path = String.swift; sourceTree = "<group>"; };
		91F1BFC32D329798000B4C84 /* NewMeetingCompleteView.swift */ = {isa = PBXFileReference; lastKnownFileType = sourcecode.swift; path = NewMeetingCompleteView.swift; sourceTree = "<group>"; };
		91F1BFC62D3B7F95000B4C84 /* PlaceDetail.swift */ = {isa = PBXFileReference; lastKnownFileType = sourcecode.swift; path = PlaceDetail.swift; sourceTree = "<group>"; };
		91F1BFC82D3B8093000B4C84 /* BackButton.swift */ = {isa = PBXFileReference; lastKnownFileType = sourcecode.swift; path = BackButton.swift; sourceTree = "<group>"; };
		F70F76C72D2FBB1E006EFF2D /* NewImagePopupView.swift */ = {isa = PBXFileReference; lastKnownFileType = sourcecode.swift; path = NewImagePopupView.swift; sourceTree = "<group>"; };
		F70F76C92D2FC00A006EFF2D /* NewMeetingSheet2View.swift */ = {isa = PBXFileReference; lastKnownFileType = sourcecode.swift; path = NewMeetingSheet2View.swift; sourceTree = "<group>"; };
		F75400952D310EF5009D201F /* NewFriendListView.swift */ = {isa = PBXFileReference; lastKnownFileType = sourcecode.swift; path = NewFriendListView.swift; sourceTree = "<group>"; };
/* End PBXFileReference section */

/* Begin PBXFrameworksBuildPhase section */
		045B44722D2146B000514A27 /* Frameworks */ = {
			isa = PBXFrameworksBuildPhase;
			buildActionMask = 2147483647;
			files = (
				04F051842D422B01000892C0 /* KakaoSDKUser in Frameworks */,
				04F051802D422B01000892C0 /* KakaoSDKCommon in Frameworks */,
				04F0517E2D422B01000892C0 /* KakaoSDKAuth in Frameworks */,
				04F0518D2D423B38000892C0 /* NaverThirdPartyLogin in Frameworks */,
				04F051822D422B01000892C0 /* KakaoSDKFriend in Frameworks */,
			);
			runOnlyForDeploymentPostprocessing = 0;
		};
		04832B382D266813003FFE3B /* Frameworks */ = {
			isa = PBXFrameworksBuildPhase;
			buildActionMask = 2147483647;
			files = (
			);
			runOnlyForDeploymentPostprocessing = 0;
		};
/* End PBXFrameworksBuildPhase section */

/* Begin PBXGroup section */
		045B446C2D2146B000514A27 = {
			isa = PBXGroup;
			children = (
				045B44A72D2150AF00514A27 /* Where */,
				04832B452D266819003FFE3B /* WhereTests */,
				045B44762D2146B000514A27 /* Products */,
			);
			sourceTree = "<group>";
		};
		045B44762D2146B000514A27 /* Products */ = {
			isa = PBXGroup;
			children = (
				045B44752D2146B000514A27 /* Where.app */,
				04832B3B2D266813003FFE3B /* WhereTests.xctest */,
			);
			name = Products;
			sourceTree = "<group>";
		};
		045B44992D2150AF00514A27 /* Models */ = {
			isa = PBXGroup;
			children = (
				045CA1622D27E3EE001B5CEE /* User.swift */,
				04A4F45A2D42105E0041FD02 /* Inquiry.swift */,
				04A4F45C2D4212020041FD02 /* Meeting.swift */,
				046833ED2D3B8F65009D2357 /* DayOfWeek+Day+Month.swift */,
				046833EE2D3B8F65009D2357 /* Meridiem.swift */,
				046833EF2D3B8F65009D2357 /* Place.swift */,
				04A4F45E2D42153F0041FD02 /* Comment.swift */,
				04A4F4602D42189F0041FD02 /* Notificaiton.swift */,
				04A4F4452D40D8E20041FD02 /* AuthentificationState.swift */,
				04F051892D42332D000892C0 /* AuthentificationProvider.swift */,
			);
			path = Models;
			sourceTree = "<group>";
		};
		045B449D2D2150AF00514A27 /* Service */ = {
			isa = PBXGroup;
			children = (
				045B449C2D2150AF00514A27 /* Service.swift */,
			);
			path = Service;
			sourceTree = "<group>";
		};
		045B449F2D2150AF00514A27 /* Utility */ = {
			isa = PBXGroup;
			children = (
				91A9EAC52D29C5F2005F09D2 /* Extensions */,
				045B44B72D2164E800514A27 /* DesignSystem */,
				045CA15B2D27BC96001B5CEE /* AppStorageKey.swift */,
				046833F32D3B8F77009D2357 /* DateFormat.swift */,
				04F051852D42304D000892C0 /* AppSecret.xcconfig */,
			);
			path = Utility;
			sourceTree = "<group>";
		};
		045B44A12D2150AF00514A27 /* ViewModels */ = {
			isa = PBXGroup;
			children = (
				04A4F4422D40D81F0041FD02 /* Setting */,
				04A4F43D2D3F92580041FD02 /* Login+Registration */,
				045CA15D2D27BEE7001B5CEE /* FriendsList */,
				046833F82D3B8FE5009D2357 /* Meetings */,
			);
			path = ViewModels;
			sourceTree = "<group>";
		};
		045B44A32D2150AF00514A27 /* Views */ = {
			isa = PBXGroup;
			children = (
				046834162D3E26D3009D2357 /* Setting */,
				91F1BFC52D3B7F88000B4C84 /* Place */,
				91A9EAC02D29C519005F09D2 /* Meeting */,
				91A9EAB82D29AFC9005F09D2 /* Home */,
				91A9EAB52D26EF53005F09D2 /* ProfileSetting */,
				045CA15A2D26EE1C001B5CEE /* FriendsList */,
				045CA1592D26ED4A001B5CEE /* Login+Registration */,
				045CA1582D26ED41001B5CEE /* Onboarding */,
			);
			path = Views;
			sourceTree = "<group>";
		};
		045B44A72D2150AF00514A27 /* Where */ = {
			isa = PBXGroup;
			children = (
				045B44C42D21659700514A27 /* Info.plist */,
				045B44992D2150AF00514A27 /* Models */,
				045B449D2D2150AF00514A27 /* Service */,
				045B449F2D2150AF00514A27 /* Utility */,
				045B44A12D2150AF00514A27 /* ViewModels */,
				045B44A32D2150AF00514A27 /* Views */,
				045B44A52D2150AF00514A27 /* ContentView.swift */,
				045B44A62D2150AF00514A27 /* WhereApp.swift */,
				91A9EAAE2D26EE45005F09D2 /* Preview Content */,
			);
			path = Where;
			sourceTree = "<group>";
		};
		045B44B72D2164E800514A27 /* DesignSystem */ = {
			isa = PBXGroup;
			children = (
				045B44F02D2280DF00514A27 /* Components */,
				045B44B82D2164F400514A27 /* Font */,
			);
			path = DesignSystem;
			sourceTree = "<group>";
		};
		045B44B82D2164F400514A27 /* Font */ = {
			isa = PBXGroup;
			children = (
				045B44C72D216A2000514A27 /* Extensions */,
				045B44B92D2164FA00514A27 /* Pretendard.swift */,
				045B44C52D2166D000514A27 /* WhereFont.swift */,
			);
			path = Font;
			sourceTree = "<group>";
		};
		045B44C72D216A2000514A27 /* Extensions */ = {
			isa = PBXGroup;
			children = (
				045B44C82D216A3E00514A27 /* Font+Pretendard.swift */,
				045B44CA2D216AA200514A27 /* View+Pretendard.swift */,
			);
			path = Extensions;
			sourceTree = "<group>";
		};
		045B44F02D2280DF00514A27 /* Components */ = {
			isa = PBXGroup;
			children = (
				045B44F52D228DC000514A27 /* RoundedProminentButtonStyle.swift */,
				049345132D229E10003D1129 /* BasedFormView.swift */,
				04832B2A2D22AA82003FFE3B /* RoundedTextField.swift */,
				04832B2C2D22B52F003FFE3B /* Popup.swift */,
				04832B322D23EB93003FFE3B /* Floater.swift */,
				04832B472D266F55003FFE3B /* SearchBar.swift */,
				91F1BFC82D3B8093000B4C84 /* BackButton.swift */,
				048182262D29151800CCF721 /* AsyncDateView.swift */,
				91A9EABC2D29BA85005F09D2 /* TabBarView.swift */,
				046833FA2D3B902E009D2357 /* CalendarView.swift */,
			);
			path = Components;
			sourceTree = "<group>";
		};
		045CA1582D26ED41001B5CEE /* Onboarding */ = {
			isa = PBXGroup;
			children = (
				046833E12D3B8DE5009D2357 /* OnboardingView.swift */,
				046833E22D3B8DE5009D2357 /* Splash.storyboard */,
			);
			path = Onboarding;
			sourceTree = "<group>";
		};
		045CA1592D26ED4A001B5CEE /* Login+Registration */ = {
			isa = PBXGroup;
			children = (
				046833D72D3B8DB8009D2357 /* AuthentificationView.swift */,
				046833D82D3B8DB8009D2357 /* LoginView.swift */,
				046833D92D3B8DB8009D2357 /* RegistrationTermView.swift */,
				046833DA2D3B8DB8009D2357 /* SignInView.swift */,
			);
			path = "Login+Registration";
			sourceTree = "<group>";
		};
		045CA15A2D26EE1C001B5CEE /* FriendsList */ = {
			isa = PBXGroup;
			children = (
				045CA1602D27D22D001B5CEE /* HistoryReminderView.swift */,
				046833DF2D3B8DD1009D2357 /* FriendsListView.swift */,
			);
			path = FriendsList;
			sourceTree = "<group>";
		};
		045CA15D2D27BEE7001B5CEE /* FriendsList */ = {
			isa = PBXGroup;
			children = (
				045CA15E2D27BEFB001B5CEE /* FriendsListViewModel.swift */,
			);
			path = FriendsList;
			sourceTree = "<group>";
		};
		046833F82D3B8FE5009D2357 /* Meetings */ = {
			isa = PBXGroup;
			children = (
				046833F72D3B8FE5009D2357 /* InviteFriendsViewModel.swift */,
			);
			path = Meetings;
			sourceTree = "<group>";
		};
		046834162D3E26D3009D2357 /* Setting */ = {
			isa = PBXGroup;
			children = (
				046834172D3E26E2009D2357 /* SettingView.swift */,
				04A4F4402D40D7EC0041FD02 /* AdjustPasswordView.swift */,
			);
			path = Setting;
			sourceTree = "<group>";
		};
		04832B452D266819003FFE3B /* WhereTests */ = {
			isa = PBXGroup;
			children = (
				04832B442D266819003FFE3B /* WhereTests.swift */,
			);
			path = WhereTests;
			sourceTree = "<group>";
		};
		04A4F43D2D3F92580041FD02 /* Login+Registration */ = {
			isa = PBXGroup;
			children = (
				04A4F43E2D3F92730041FD02 /* AuthentificationViewModel.swift */,
			);
			path = "Login+Registration";
			sourceTree = "<group>";
		};
		04A4F4422D40D81F0041FD02 /* Setting */ = {
			isa = PBXGroup;
			children = (
				04A4F4432D40D82E0041FD02 /* AdjustPasswordViewModel.swift */,
			);
			path = Setting;
			sourceTree = "<group>";
		};
		91A9EAAB2D26EE45005F09D2 /* PretendardFont */ = {
			isa = PBXGroup;
			children = (
				91A9EAA72D26EE45005F09D2 /* Pretendard-Bold.otf */,
				91A9EAA82D26EE45005F09D2 /* Pretendard-Medium.otf */,
				91A9EAA92D26EE45005F09D2 /* Pretendard-Regular.otf */,
				91A9EAAA2D26EE45005F09D2 /* Pretendard-SemiBold.otf */,
			);
			path = PretendardFont;
			sourceTree = "<group>";
		};
		91A9EAAE2D26EE45005F09D2 /* Preview Content */ = {
			isa = PBXGroup;
			children = (
				91A9EAAB2D26EE45005F09D2 /* PretendardFont */,
				91A9EAAC2D26EE45005F09D2 /* Assets.xcassets */,
				91A9EAAD2D26EE45005F09D2 /* Preview Assets.xcassets */,
			);
			path = "Preview Content";
			sourceTree = "<group>";
		};
		91A9EAB52D26EF53005F09D2 /* ProfileSetting */ = {
			isa = PBXGroup;
			children = (
				046833D32D3B8D67009D2357 /* ProfileCreationView.swift */,
				046833D42D3B8D67009D2357 /* ProfilePopupView.swift */,
				91A9EAB62D299D4B005F09D2 /* SignUpCompleteView.swift */,
			);
			path = ProfileSetting;
			sourceTree = "<group>";
		};
		91A9EAB82D29AFC9005F09D2 /* Home */ = {
			isa = PBXGroup;
			children = (
				91A9EAB92D29AFD7005F09D2 /* HomeView.swift */,
			);
			path = Home;
			sourceTree = "<group>";
		};
		91A9EAC02D29C519005F09D2 /* Meeting */ = {
			isa = PBXGroup;
			children = (
				91A9EABE2D29C511005F09D2 /* NewMeetingSheet1View.swift */,
				F70F76C92D2FC00A006EFF2D /* NewMeetingSheet2View.swift */,
				91F1BFC32D329798000B4C84 /* NewMeetingCompleteView.swift */,
				F70F76C72D2FBB1E006EFF2D /* NewImagePopupView.swift */,
				F75400952D310EF5009D201F /* NewFriendListView.swift */,
				046833E52D3B8E8E009D2357 /* InviteFriendsView.swift */,
				046833E62D3B8E8E009D2357 /* MeetingInformationDetailView.swift */,
				046833E72D3B8E8E009D2357 /* MeetingInformationView.swift */,
				046833E82D3B8E8E009D2357 /* MeetingPlacesView.swift */,
			);
			path = Meeting;
			sourceTree = "<group>";
		};
		91A9EAC52D29C5F2005F09D2 /* Extensions */ = {
			isa = PBXGroup;
			children = (
				91A9EAC32D29C5D0005F09D2 /* Dismiss.swift */,
				045B44EB2D224D1D00514A27 /* Color Extension.swift */,
				91B7A1712D26DFDE003932B4 /* String.swift */,
				04F051872D423283000892C0 /* Bundle.swift */,
			);
			path = Extensions;
			sourceTree = "<group>";
		};
		91F1BFC52D3B7F88000B4C84 /* Place */ = {
			isa = PBXGroup;
			children = (
				91F1BFC62D3B7F95000B4C84 /* PlaceDetail.swift */,
			);
			path = Place;
			sourceTree = "<group>";
		};
/* End PBXGroup section */

/* Begin PBXNativeTarget section */
		045B44742D2146B000514A27 /* Where */ = {
			isa = PBXNativeTarget;
			buildConfigurationList = 045B44832D2146B200514A27 /* Build configuration list for PBXNativeTarget "Where" */;
			buildPhases = (
				045B44712D2146B000514A27 /* Sources */,
				045B44722D2146B000514A27 /* Frameworks */,
				045B44732D2146B000514A27 /* Resources */,
			);
			buildRules = (
			);
			dependencies = (
			);
			name = Where;
			packageProductDependencies = (
				04F0517D2D422B01000892C0 /* KakaoSDKAuth */,
				04F0517F2D422B01000892C0 /* KakaoSDKCommon */,
				04F051812D422B01000892C0 /* KakaoSDKFriend */,
				04F051832D422B01000892C0 /* KakaoSDKUser */,
				04F0518C2D423B38000892C0 /* NaverThirdPartyLogin */,
			);
			productName = Where;
			productReference = 045B44752D2146B000514A27 /* Where.app */;
			productType = "com.apple.product-type.application";
		};
		04832B3A2D266813003FFE3B /* WhereTests */ = {
			isa = PBXNativeTarget;
			buildConfigurationList = 04832B412D266813003FFE3B /* Build configuration list for PBXNativeTarget "WhereTests" */;
			buildPhases = (
				04832B372D266813003FFE3B /* Sources */,
				04832B382D266813003FFE3B /* Frameworks */,
				04832B392D266813003FFE3B /* Resources */,
			);
			buildRules = (
			);
			dependencies = (
				04832B402D266813003FFE3B /* PBXTargetDependency */,
			);
			name = WhereTests;
			packageProductDependencies = (
			);
			productName = WhereTests;
			productReference = 04832B3B2D266813003FFE3B /* WhereTests.xctest */;
			productType = "com.apple.product-type.bundle.unit-test";
		};
/* End PBXNativeTarget section */

/* Begin PBXProject section */
		045B446D2D2146B000514A27 /* Project object */ = {
			isa = PBXProject;
			attributes = {
				BuildIndependentTargetsInParallel = 1;
				LastSwiftUpdateCheck = 1620;
				LastUpgradeCheck = 1620;
				TargetAttributes = {
					045B44742D2146B000514A27 = {
						CreatedOnToolsVersion = 16.2;
					};
					04832B3A2D266813003FFE3B = {
						CreatedOnToolsVersion = 16.2;
						TestTargetID = 045B44742D2146B000514A27;
					};
				};
			};
			buildConfigurationList = 045B44702D2146B000514A27 /* Build configuration list for PBXProject "Where" */;
			developmentRegion = en;
			hasScannedForEncodings = 0;
			knownRegions = (
				en,
				Base,
			);
			mainGroup = 045B446C2D2146B000514A27;
			minimizedProjectReferenceProxies = 1;
			packageReferences = (
				04F0517C2D422B01000892C0 /* XCRemoteSwiftPackageReference "kakao-ios-sdk" */,
				04F0518B2D423B38000892C0 /* XCRemoteSwiftPackageReference "naveridlogin-sdk-ios" */,
			);
			preferredProjectObjectVersion = 77;
			productRefGroup = 045B44762D2146B000514A27 /* Products */;
			projectDirPath = "";
			projectRoot = "";
			targets = (
				045B44742D2146B000514A27 /* Where */,
				04832B3A2D266813003FFE3B /* WhereTests */,
			);
		};
/* End PBXProject section */

/* Begin PBXResourcesBuildPhase section */
		045B44732D2146B000514A27 /* Resources */ = {
			isa = PBXResourcesBuildPhase;
			buildActionMask = 2147483647;
			files = (
				04F051862D42304D000892C0 /* AppSecret.xcconfig in Resources */,
				91A9EAAF2D26EE45005F09D2 /* Pretendard-Bold.otf in Resources */,
				91A9EAB02D26EE45005F09D2 /* Pretendard-Regular.otf in Resources */,
				91A9EAB12D26EE45005F09D2 /* Preview Assets.xcassets in Resources */,
				046833E32D3B8DE5009D2357 /* Splash.storyboard in Resources */,
				91A9EAB22D26EE45005F09D2 /* Pretendard-Medium.otf in Resources */,
				91A9EAB32D26EE45005F09D2 /* Assets.xcassets in Resources */,
				91A9EAB42D26EE45005F09D2 /* Pretendard-SemiBold.otf in Resources */,
			);
			runOnlyForDeploymentPostprocessing = 0;
		};
		04832B392D266813003FFE3B /* Resources */ = {
			isa = PBXResourcesBuildPhase;
			buildActionMask = 2147483647;
			files = (
			);
			runOnlyForDeploymentPostprocessing = 0;
		};
/* End PBXResourcesBuildPhase section */

/* Begin PBXSourcesBuildPhase section */
		045B44712D2146B000514A27 /* Sources */ = {
			isa = PBXSourcesBuildPhase;
			buildActionMask = 2147483647;
			files = (
				91F1BFC92D3B8093000B4C84 /* BackButton.swift in Sources */,
				04832B2B2D22AA82003FFE3B /* RoundedTextField.swift in Sources */,
				046833F42D3B8F77009D2357 /* DateFormat.swift in Sources */,
				04A4F45B2D42105E0041FD02 /* Inquiry.swift in Sources */,
				91F1BFC42D329798000B4C84 /* NewMeetingCompleteView.swift in Sources */,
				045B44BA2D21650200514A27 /* Pretendard.swift in Sources */,
				04A4F4612D42189F0041FD02 /* Notificaiton.swift in Sources */,
				046833E02D3B8DD1009D2357 /* FriendsListView.swift in Sources */,
				91B7A1722D26DFDE003932B4 /* String.swift in Sources */,
				046833E92D3B8E8E009D2357 /* MeetingInformationView.swift in Sources */,
				046833EA2D3B8E8E009D2357 /* InviteFriendsView.swift in Sources */,
				046833EB2D3B8E8E009D2357 /* MeetingPlacesView.swift in Sources */,
				046833EC2D3B8E8E009D2357 /* MeetingInformationDetailView.swift in Sources */,
				046833F02D3B8F65009D2357 /* DayOfWeek+Day+Month.swift in Sources */,
				046833F12D3B8F65009D2357 /* Place.swift in Sources */,
				04F0518A2D42332D000892C0 /* AuthentificationProvider.swift in Sources */,
				046833F22D3B8F65009D2357 /* Meridiem.swift in Sources */,
				91A9EAC42D29C5D0005F09D2 /* Dismiss.swift in Sources */,
				04A4F45F2D42153F0041FD02 /* Comment.swift in Sources */,
				046833F92D3B8FE5009D2357 /* InviteFriendsViewModel.swift in Sources */,
				045B44A92D2150AF00514A27 /* Service.swift in Sources */,
				045B44F62D228DC000514A27 /* RoundedProminentButtonStyle.swift in Sources */,
				F75400962D310EF5009D201F /* NewFriendListView.swift in Sources */,
				91A9EABF2D29C511005F09D2 /* NewMeetingSheet1View.swift in Sources */,
				046833FB2D3B902E009D2357 /* CalendarView.swift in Sources */,
				04F051882D423283000892C0 /* Bundle.swift in Sources */,
				04A4F4442D40D82E0041FD02 /* AdjustPasswordViewModel.swift in Sources */,
				045B44C92D216A3E00514A27 /* Font+Pretendard.swift in Sources */,
				045B44EC2D224D1D00514A27 /* Color Extension.swift in Sources */,
				91A9EABA2D29AFD7005F09D2 /* HomeView.swift in Sources */,
				04A4F4412D40D7EC0041FD02 /* AdjustPasswordView.swift in Sources */,
				04832B482D266F55003FFE3B /* SearchBar.swift in Sources */,
				04A4F43F2D3F92730041FD02 /* AuthentificationViewModel.swift in Sources */,
				04A4F4462D40D8E20041FD02 /* AuthentificationState.swift in Sources */,
				046833DB2D3B8DB8009D2357 /* RegistrationTermView.swift in Sources */,
				046833DC2D3B8DB8009D2357 /* SignInView.swift in Sources */,
				046833F62D3B8FB4009D2357 /* FriendsListViewModel.swift in Sources */,
				046833E42D3B8DE5009D2357 /* OnboardingView.swift in Sources */,
				046833DD2D3B8DB8009D2357 /* AuthentificationView.swift in Sources */,
				046833DE2D3B8DB8009D2357 /* LoginView.swift in Sources */,
				046834182D3E26E2009D2357 /* SettingView.swift in Sources */,
				045CA15C2D27BC96001B5CEE /* AppStorageKey.swift in Sources */,
				F70F76C82D2FBB1E006EFF2D /* NewImagePopupView.swift in Sources */,
				04832B2D2D22B52F003FFE3B /* Popup.swift in Sources */,
				045CA1612D27D22D001B5CEE /* HistoryReminderView.swift in Sources */,
				91A9EAB72D299D4B005F09D2 /* SignUpCompleteView.swift in Sources */,
				045B44C62D2166D000514A27 /* WhereFont.swift in Sources */,
				046833D52D3B8D67009D2357 /* ProfilePopupView.swift in Sources */,
				046833D62D3B8D67009D2357 /* ProfileCreationView.swift in Sources */,
				91F1BFC72D3B7F95000B4C84 /* PlaceDetail.swift in Sources */,
				045B44AD2D2150AF00514A27 /* ContentView.swift in Sources */,
				046833F52D3B8F99009D2357 /* User.swift in Sources */,
				045B44AE2D2150AF00514A27 /* WhereApp.swift in Sources */,
				04A4F45D2D4212020041FD02 /* Meeting.swift in Sources */,
				045B44CB2D216AA700514A27 /* View+Pretendard.swift in Sources */,
				048182272D29151800CCF721 /* AsyncDateView.swift in Sources */,
				04832B332D23EB93003FFE3B /* Floater.swift in Sources */,
				049345142D229E10003D1129 /* BasedFormView.swift in Sources */,
				91A9EABD2D29BA85005F09D2 /* TabBarView.swift in Sources */,
				F70F76CA2D2FC00A006EFF2D /* NewMeetingSheet2View.swift in Sources */,
			);
			runOnlyForDeploymentPostprocessing = 0;
		};
		04832B372D266813003FFE3B /* Sources */ = {
			isa = PBXSourcesBuildPhase;
			buildActionMask = 2147483647;
			files = (
				04832B462D266819003FFE3B /* WhereTests.swift in Sources */,
			);
			runOnlyForDeploymentPostprocessing = 0;
		};
/* End PBXSourcesBuildPhase section */

/* Begin PBXTargetDependency section */
		04832B402D266813003FFE3B /* PBXTargetDependency */ = {
			isa = PBXTargetDependency;
			target = 045B44742D2146B000514A27 /* Where */;
			targetProxy = 04832B3F2D266813003FFE3B /* PBXContainerItemProxy */;
		};
/* End PBXTargetDependency section */

/* Begin XCBuildConfiguration section */
		045B44812D2146B200514A27 /* Debug */ = {
			isa = XCBuildConfiguration;
			buildSettings = {
				ALWAYS_SEARCH_USER_PATHS = NO;
				ASSETCATALOG_COMPILER_GENERATE_SWIFT_ASSET_SYMBOL_EXTENSIONS = YES;
				CLANG_ANALYZER_NONNULL = YES;
				CLANG_ANALYZER_NUMBER_OBJECT_CONVERSION = YES_AGGRESSIVE;
				CLANG_CXX_LANGUAGE_STANDARD = "gnu++20";
				CLANG_ENABLE_MODULES = YES;
				CLANG_ENABLE_OBJC_ARC = YES;
				CLANG_ENABLE_OBJC_WEAK = YES;
				CLANG_WARN_BLOCK_CAPTURE_AUTORELEASING = YES;
				CLANG_WARN_BOOL_CONVERSION = YES;
				CLANG_WARN_COMMA = YES;
				CLANG_WARN_CONSTANT_CONVERSION = YES;
				CLANG_WARN_DEPRECATED_OBJC_IMPLEMENTATIONS = YES;
				CLANG_WARN_DIRECT_OBJC_ISA_USAGE = YES_ERROR;
				CLANG_WARN_DOCUMENTATION_COMMENTS = YES;
				CLANG_WARN_EMPTY_BODY = YES;
				CLANG_WARN_ENUM_CONVERSION = YES;
				CLANG_WARN_INFINITE_RECURSION = YES;
				CLANG_WARN_INT_CONVERSION = YES;
				CLANG_WARN_NON_LITERAL_NULL_CONVERSION = YES;
				CLANG_WARN_OBJC_IMPLICIT_RETAIN_SELF = YES;
				CLANG_WARN_OBJC_LITERAL_CONVERSION = YES;
				CLANG_WARN_OBJC_ROOT_CLASS = YES_ERROR;
				CLANG_WARN_QUOTED_INCLUDE_IN_FRAMEWORK_HEADER = YES;
				CLANG_WARN_RANGE_LOOP_ANALYSIS = YES;
				CLANG_WARN_STRICT_PROTOTYPES = YES;
				CLANG_WARN_SUSPICIOUS_MOVE = YES;
				CLANG_WARN_UNGUARDED_AVAILABILITY = YES_AGGRESSIVE;
				CLANG_WARN_UNREACHABLE_CODE = YES;
				CLANG_WARN__DUPLICATE_METHOD_MATCH = YES;
				COPY_PHASE_STRIP = NO;
				DEBUG_INFORMATION_FORMAT = dwarf;
				ENABLE_STRICT_OBJC_MSGSEND = YES;
				ENABLE_TESTABILITY = YES;
				ENABLE_USER_SCRIPT_SANDBOXING = YES;
				GCC_C_LANGUAGE_STANDARD = gnu17;
				GCC_DYNAMIC_NO_PIC = NO;
				GCC_NO_COMMON_BLOCKS = YES;
				GCC_OPTIMIZATION_LEVEL = 0;
				GCC_PREPROCESSOR_DEFINITIONS = (
					"DEBUG=1",
					"$(inherited)",
				);
				GCC_WARN_64_TO_32_BIT_CONVERSION = YES;
				GCC_WARN_ABOUT_RETURN_TYPE = YES_ERROR;
				GCC_WARN_UNDECLARED_SELECTOR = YES;
				GCC_WARN_UNINITIALIZED_AUTOS = YES_AGGRESSIVE;
				GCC_WARN_UNUSED_FUNCTION = YES;
				GCC_WARN_UNUSED_VARIABLE = YES;
				IPHONEOS_DEPLOYMENT_TARGET = 18.2;
				LOCALIZATION_PREFERS_STRING_CATALOGS = YES;
				MTL_ENABLE_DEBUG_INFO = INCLUDE_SOURCE;
				MTL_FAST_MATH = YES;
				ONLY_ACTIVE_ARCH = YES;
				SDKROOT = iphoneos;
				SWIFT_ACTIVE_COMPILATION_CONDITIONS = "DEBUG $(inherited)";
				SWIFT_OPTIMIZATION_LEVEL = "-Onone";
			};
			name = Debug;
		};
		045B44822D2146B200514A27 /* Release */ = {
			isa = XCBuildConfiguration;
			buildSettings = {
				ALWAYS_SEARCH_USER_PATHS = NO;
				ASSETCATALOG_COMPILER_GENERATE_SWIFT_ASSET_SYMBOL_EXTENSIONS = YES;
				CLANG_ANALYZER_NONNULL = YES;
				CLANG_ANALYZER_NUMBER_OBJECT_CONVERSION = YES_AGGRESSIVE;
				CLANG_CXX_LANGUAGE_STANDARD = "gnu++20";
				CLANG_ENABLE_MODULES = YES;
				CLANG_ENABLE_OBJC_ARC = YES;
				CLANG_ENABLE_OBJC_WEAK = YES;
				CLANG_WARN_BLOCK_CAPTURE_AUTORELEASING = YES;
				CLANG_WARN_BOOL_CONVERSION = YES;
				CLANG_WARN_COMMA = YES;
				CLANG_WARN_CONSTANT_CONVERSION = YES;
				CLANG_WARN_DEPRECATED_OBJC_IMPLEMENTATIONS = YES;
				CLANG_WARN_DIRECT_OBJC_ISA_USAGE = YES_ERROR;
				CLANG_WARN_DOCUMENTATION_COMMENTS = YES;
				CLANG_WARN_EMPTY_BODY = YES;
				CLANG_WARN_ENUM_CONVERSION = YES;
				CLANG_WARN_INFINITE_RECURSION = YES;
				CLANG_WARN_INT_CONVERSION = YES;
				CLANG_WARN_NON_LITERAL_NULL_CONVERSION = YES;
				CLANG_WARN_OBJC_IMPLICIT_RETAIN_SELF = YES;
				CLANG_WARN_OBJC_LITERAL_CONVERSION = YES;
				CLANG_WARN_OBJC_ROOT_CLASS = YES_ERROR;
				CLANG_WARN_QUOTED_INCLUDE_IN_FRAMEWORK_HEADER = YES;
				CLANG_WARN_RANGE_LOOP_ANALYSIS = YES;
				CLANG_WARN_STRICT_PROTOTYPES = YES;
				CLANG_WARN_SUSPICIOUS_MOVE = YES;
				CLANG_WARN_UNGUARDED_AVAILABILITY = YES_AGGRESSIVE;
				CLANG_WARN_UNREACHABLE_CODE = YES;
				CLANG_WARN__DUPLICATE_METHOD_MATCH = YES;
				COPY_PHASE_STRIP = NO;
				DEBUG_INFORMATION_FORMAT = "dwarf-with-dsym";
				ENABLE_NS_ASSERTIONS = NO;
				ENABLE_STRICT_OBJC_MSGSEND = YES;
				ENABLE_USER_SCRIPT_SANDBOXING = YES;
				GCC_C_LANGUAGE_STANDARD = gnu17;
				GCC_NO_COMMON_BLOCKS = YES;
				GCC_WARN_64_TO_32_BIT_CONVERSION = YES;
				GCC_WARN_ABOUT_RETURN_TYPE = YES_ERROR;
				GCC_WARN_UNDECLARED_SELECTOR = YES;
				GCC_WARN_UNINITIALIZED_AUTOS = YES_AGGRESSIVE;
				GCC_WARN_UNUSED_FUNCTION = YES;
				GCC_WARN_UNUSED_VARIABLE = YES;
				IPHONEOS_DEPLOYMENT_TARGET = 18.2;
				LOCALIZATION_PREFERS_STRING_CATALOGS = YES;
				MTL_ENABLE_DEBUG_INFO = NO;
				MTL_FAST_MATH = YES;
				SDKROOT = iphoneos;
				SWIFT_COMPILATION_MODE = wholemodule;
				VALIDATE_PRODUCT = YES;
			};
			name = Release;
		};
		045B44842D2146B200514A27 /* Debug */ = {
			isa = XCBuildConfiguration;
			buildSettings = {
				ASSETCATALOG_COMPILER_APPICON_NAME = AppIcon;
				ASSETCATALOG_COMPILER_GLOBAL_ACCENT_COLOR_NAME = AccentColor;
				CODE_SIGN_STYLE = Automatic;
				CURRENT_PROJECT_VERSION = 1;
				DEVELOPMENT_ASSET_PATHS = "\"Where/Preview Content\"";
				DEVELOPMENT_TEAM = P85DW78LYM;
				ENABLE_PREVIEWS = YES;
				GENERATE_INFOPLIST_FILE = YES;
				INFOPLIST_FILE = Where/Info.plist;
				INFOPLIST_KEY_UIApplicationSceneManifest_Generation = YES;
				INFOPLIST_KEY_UIApplicationSupportsIndirectInputEvents = YES;
				INFOPLIST_KEY_UILaunchScreen_Generation = YES;
				INFOPLIST_KEY_UISupportedInterfaceOrientations_iPad = "UIInterfaceOrientationPortrait UIInterfaceOrientationPortraitUpsideDown UIInterfaceOrientationLandscapeLeft UIInterfaceOrientationLandscapeRight";
				INFOPLIST_KEY_UISupportedInterfaceOrientations_iPhone = "UIInterfaceOrientationPortrait UIInterfaceOrientationLandscapeLeft UIInterfaceOrientationLandscapeRight";
				LD_RUNPATH_SEARCH_PATHS = (
					"$(inherited)",
					"@executable_path/Frameworks",
				);
				MARKETING_VERSION = 1.0;
				PRODUCT_BUNDLE_IDENTIFIER = com.Where1;
				PRODUCT_NAME = "$(TARGET_NAME)";
				SWIFT_EMIT_LOC_STRINGS = YES;
				SWIFT_VERSION = 5.0;
				TARGETED_DEVICE_FAMILY = "1,2";
			};
			name = Debug;
		};
		045B44852D2146B200514A27 /* Release */ = {
			isa = XCBuildConfiguration;
			buildSettings = {
				ASSETCATALOG_COMPILER_APPICON_NAME = AppIcon;
				ASSETCATALOG_COMPILER_GLOBAL_ACCENT_COLOR_NAME = AccentColor;
				CODE_SIGN_STYLE = Automatic;
				CURRENT_PROJECT_VERSION = 1;
				DEVELOPMENT_ASSET_PATHS = "\"Where/Preview Content\"";
				DEVELOPMENT_TEAM = P85DW78LYM;
				ENABLE_PREVIEWS = YES;
				GENERATE_INFOPLIST_FILE = YES;
				INFOPLIST_FILE = Where/Info.plist;
				INFOPLIST_KEY_UIApplicationSceneManifest_Generation = YES;
				INFOPLIST_KEY_UIApplicationSupportsIndirectInputEvents = YES;
				INFOPLIST_KEY_UILaunchScreen_Generation = YES;
				INFOPLIST_KEY_UISupportedInterfaceOrientations_iPad = "UIInterfaceOrientationPortrait UIInterfaceOrientationPortraitUpsideDown UIInterfaceOrientationLandscapeLeft UIInterfaceOrientationLandscapeRight";
				INFOPLIST_KEY_UISupportedInterfaceOrientations_iPhone = "UIInterfaceOrientationPortrait UIInterfaceOrientationLandscapeLeft UIInterfaceOrientationLandscapeRight";
				LD_RUNPATH_SEARCH_PATHS = (
					"$(inherited)",
					"@executable_path/Frameworks",
				);
				MARKETING_VERSION = 1.0;
				PRODUCT_BUNDLE_IDENTIFIER = com.Where1;
				PRODUCT_NAME = "$(TARGET_NAME)";
				SWIFT_EMIT_LOC_STRINGS = YES;
				SWIFT_VERSION = 5.0;
				TARGETED_DEVICE_FAMILY = "1,2";
			};
			name = Release;
		};
		04832B422D266813003FFE3B /* Debug */ = {
			isa = XCBuildConfiguration;
			buildSettings = {
				BUNDLE_LOADER = "$(TEST_HOST)";
				CODE_SIGN_STYLE = Automatic;
				CURRENT_PROJECT_VERSION = 1;
				DEVELOPMENT_TEAM = P85DW78LYM;
				GENERATE_INFOPLIST_FILE = YES;
				MARKETING_VERSION = 1.0;
				PRODUCT_BUNDLE_IDENTIFIER = com.WhereTests;
				PRODUCT_NAME = "$(TARGET_NAME)";
				SWIFT_EMIT_LOC_STRINGS = NO;
				SWIFT_VERSION = 5.0;
				TARGETED_DEVICE_FAMILY = "1,2";
				TEST_HOST = "$(BUILT_PRODUCTS_DIR)/Where.app/$(BUNDLE_EXECUTABLE_FOLDER_PATH)/Where";
			};
			name = Debug;
		};
		04832B432D266813003FFE3B /* Release */ = {
			isa = XCBuildConfiguration;
			buildSettings = {
				BUNDLE_LOADER = "$(TEST_HOST)";
				CODE_SIGN_STYLE = Automatic;
				CURRENT_PROJECT_VERSION = 1;
				DEVELOPMENT_TEAM = P85DW78LYM;
				GENERATE_INFOPLIST_FILE = YES;
				MARKETING_VERSION = 1.0;
				PRODUCT_BUNDLE_IDENTIFIER = com.WhereTests;
				PRODUCT_NAME = "$(TARGET_NAME)";
				SWIFT_EMIT_LOC_STRINGS = NO;
				SWIFT_VERSION = 5.0;
				TARGETED_DEVICE_FAMILY = "1,2";
				TEST_HOST = "$(BUILT_PRODUCTS_DIR)/Where.app/$(BUNDLE_EXECUTABLE_FOLDER_PATH)/Where";
			};
			name = Release;
		};
/* End XCBuildConfiguration section */

/* Begin XCConfigurationList section */
		045B44702D2146B000514A27 /* Build configuration list for PBXProject "Where" */ = {
			isa = XCConfigurationList;
			buildConfigurations = (
				045B44812D2146B200514A27 /* Debug */,
				045B44822D2146B200514A27 /* Release */,
			);
			defaultConfigurationIsVisible = 0;
			defaultConfigurationName = Release;
		};
		045B44832D2146B200514A27 /* Build configuration list for PBXNativeTarget "Where" */ = {
			isa = XCConfigurationList;
			buildConfigurations = (
				045B44842D2146B200514A27 /* Debug */,
				045B44852D2146B200514A27 /* Release */,
			);
			defaultConfigurationIsVisible = 0;
			defaultConfigurationName = Release;
		};
		04832B412D266813003FFE3B /* Build configuration list for PBXNativeTarget "WhereTests" */ = {
			isa = XCConfigurationList;
			buildConfigurations = (
				04832B422D266813003FFE3B /* Debug */,
				04832B432D266813003FFE3B /* Release */,
			);
			defaultConfigurationIsVisible = 0;
			defaultConfigurationName = Release;
		};
/* End XCConfigurationList section */

/* Begin XCRemoteSwiftPackageReference section */
		04F0517C2D422B01000892C0 /* XCRemoteSwiftPackageReference "kakao-ios-sdk" */ = {
			isa = XCRemoteSwiftPackageReference;
			repositoryURL = "https://github.com/kakao/kakao-ios-sdk.git";
			requirement = {
				kind = upToNextMajorVersion;
				minimumVersion = 2.23.0;
			};
		};
		04F0518B2D423B38000892C0 /* XCRemoteSwiftPackageReference "naveridlogin-sdk-ios" */ = {
			isa = XCRemoteSwiftPackageReference;
			repositoryURL = "https://github.com/naver/naveridlogin-sdk-ios";
			requirement = {
				branch = master;
				kind = branch;
			};
		};
/* End XCRemoteSwiftPackageReference section */

/* Begin XCSwiftPackageProductDependency section */
		04F0517D2D422B01000892C0 /* KakaoSDKAuth */ = {
			isa = XCSwiftPackageProductDependency;
			package = 04F0517C2D422B01000892C0 /* XCRemoteSwiftPackageReference "kakao-ios-sdk" */;
			productName = KakaoSDKAuth;
		};
		04F0517F2D422B01000892C0 /* KakaoSDKCommon */ = {
			isa = XCSwiftPackageProductDependency;
			package = 04F0517C2D422B01000892C0 /* XCRemoteSwiftPackageReference "kakao-ios-sdk" */;
			productName = KakaoSDKCommon;
		};
		04F051812D422B01000892C0 /* KakaoSDKFriend */ = {
			isa = XCSwiftPackageProductDependency;
			package = 04F0517C2D422B01000892C0 /* XCRemoteSwiftPackageReference "kakao-ios-sdk" */;
			productName = KakaoSDKFriend;
		};
		04F051832D422B01000892C0 /* KakaoSDKUser */ = {
			isa = XCSwiftPackageProductDependency;
			package = 04F0517C2D422B01000892C0 /* XCRemoteSwiftPackageReference "kakao-ios-sdk" */;
			productName = KakaoSDKUser;
		};
		04F0518C2D423B38000892C0 /* NaverThirdPartyLogin */ = {
			isa = XCSwiftPackageProductDependency;
			package = 04F0518B2D423B38000892C0 /* XCRemoteSwiftPackageReference "naveridlogin-sdk-ios" */;
			productName = NaverThirdPartyLogin;
		};
/* End XCSwiftPackageProductDependency section */
	};
	rootObject = 045B446D2D2146B000514A27 /* Project object */;
}
